// !$*UTF8*$!
{
	archiveVersion = 1;
	classes = {
	};
	objectVersion = 56;
	objects = {

/* Begin PBXBuildFile section */
		084F17F62A6FEF1F00BC25CC /* TechnosLabel.swift in Sources */ = {isa = PBXBuildFile; fileRef = 084F17F52A6FEF1F00BC25CC /* TechnosLabel.swift */; };
		084F17F92A6FEFF400BC25CC /* LinkButton.swift in Sources */ = {isa = PBXBuildFile; fileRef = 084F17F82A6FEFF400BC25CC /* LinkButton.swift */; };
		084F17FB2A6FF02F00BC25CC /* SafariRepresentable.swift in Sources */ = {isa = PBXBuildFile; fileRef = 084F17FA2A6FF02F00BC25CC /* SafariRepresentable.swift */; };
		084F18002A7001C800BC25CC /* WrappingHStack in Frameworks */ = {isa = PBXBuildFile; productRef = 084F17FF2A7001C800BC25CC /* WrappingHStack */; };
		084F18022A70022B00BC25CC /* OptionButton.swift in Sources */ = {isa = PBXBuildFile; fileRef = 084F18012A70022B00BC25CC /* OptionButton.swift */; };
		084F18072A7154BC00BC25CC /* TermsSection.swift in Sources */ = {isa = PBXBuildFile; fileRef = 084F18062A7154BC00BC25CC /* TermsSection.swift */; };
		084F180A2A71552100BC25CC /* TermsOfService.swift in Sources */ = {isa = PBXBuildFile; fileRef = 084F18092A71552100BC25CC /* TermsOfService.swift */; };
		084F180E2A71569F00BC25CC /* PrivacyPolicyView.swift in Sources */ = {isa = PBXBuildFile; fileRef = 084F180D2A71569F00BC25CC /* PrivacyPolicyView.swift */; };
		084F18142A715F0900BC25CC /* ArticlesView.swift in Sources */ = {isa = PBXBuildFile; fileRef = 084F18132A715F0900BC25CC /* ArticlesView.swift */; };
		084F18162A7164E000BC25CC /* Articles.json in Resources */ = {isa = PBXBuildFile; fileRef = 084F18152A7164E000BC25CC /* Articles.json */; };
		084F181A2A71660D00BC25CC /* Article+Decodable.swift in Sources */ = {isa = PBXBuildFile; fileRef = 084F18192A71660D00BC25CC /* Article+Decodable.swift */; };
		084F181C2A71663A00BC25CC /* ArticlesViewModel.swift in Sources */ = {isa = PBXBuildFile; fileRef = 084F181B2A71663A00BC25CC /* ArticlesViewModel.swift */; };
		084F181E2A716C7700BC25CC /* InformationLabel.swift in Sources */ = {isa = PBXBuildFile; fileRef = 084F181D2A716C7600BC25CC /* InformationLabel.swift */; };
		084F18202A71807A00BC25CC /* ArticlesLabel.swift in Sources */ = {isa = PBXBuildFile; fileRef = 084F181F2A71807A00BC25CC /* ArticlesLabel.swift */; };
		084F18222A7182D800BC25CC /* ImageView.swift in Sources */ = {isa = PBXBuildFile; fileRef = 084F18212A7182D800BC25CC /* ImageView.swift */; };
		084F18242A71A10800BC25CC /* Gradient.swift in Sources */ = {isa = PBXBuildFile; fileRef = 084F18232A71A10800BC25CC /* Gradient.swift */; };
		084F18262A72829000BC25CC /* NavigationToArticle.swift in Sources */ = {isa = PBXBuildFile; fileRef = 084F18252A72829000BC25CC /* NavigationToArticle.swift */; };
		084F18282A728BF900BC25CC /* NavigationToArticleButton.swift in Sources */ = {isa = PBXBuildFile; fileRef = 084F18272A728BF900BC25CC /* NavigationToArticleButton.swift */; };
		084F18312A72B5DC00BC25CC /* CourseView.swift in Sources */ = {isa = PBXBuildFile; fileRef = 084F18302A72B5DC00BC25CC /* CourseView.swift */; };
		084F18332A72BB4A00BC25CC /* Courses.json in Resources */ = {isa = PBXBuildFile; fileRef = 084F18322A72BB4A00BC25CC /* Courses.json */; };
		084F18352A72BCFF00BC25CC /* Course+Decodable.swift in Sources */ = {isa = PBXBuildFile; fileRef = 084F18342A72BCFF00BC25CC /* Course+Decodable.swift */; };
		084F18372A72BD3800BC25CC /* CourseViewModel.swift in Sources */ = {isa = PBXBuildFile; fileRef = 084F18362A72BD3800BC25CC /* CourseViewModel.swift */; };
		084F183C2A72C09600BC25CC /* NavigationToCourse.swift in Sources */ = {isa = PBXBuildFile; fileRef = 084F183B2A72C09600BC25CC /* NavigationToCourse.swift */; };
		0874AFE82A6D37B700879D8F /* WelcomeView.swift in Sources */ = {isa = PBXBuildFile; fileRef = 0874AFE72A6D37B700879D8F /* WelcomeView.swift */; };
		0874AFEB2A6D3E3500879D8F /* ValidateButton.swift in Sources */ = {isa = PBXBuildFile; fileRef = 0874AFEA2A6D3E3500879D8F /* ValidateButton.swift */; };
		0874AFED2A6D468500879D8F /* DataController.swift in Sources */ = {isa = PBXBuildFile; fileRef = 0874AFEC2A6D468500879D8F /* DataController.swift */; };
		0874AFF22A6D5E8100879D8F /* HomeView.swift in Sources */ = {isa = PBXBuildFile; fileRef = 0874AFF12A6D5E8100879D8F /* HomeView.swift */; };
		0874AFF52A6D5F0300879D8F /* HomeViewModel.swift in Sources */ = {isa = PBXBuildFile; fileRef = 0874AFF42A6D5F0300879D8F /* HomeViewModel.swift */; };
		0874AFF82A6D65E900879D8F /* WelcomeViewModel.swift in Sources */ = {isa = PBXBuildFile; fileRef = 0874AFF72A6D65E900879D8F /* WelcomeViewModel.swift */; };
		0874AFFA2A6DD97B00879D8F /* SearchBar.swift in Sources */ = {isa = PBXBuildFile; fileRef = 0874AFF92A6DD97B00879D8F /* SearchBar.swift */; };
		0874AFFD2A6E91BF00879D8F /* CourseLabelRectangle.swift in Sources */ = {isa = PBXBuildFile; fileRef = 0874AFFC2A6E91BF00879D8F /* CourseLabelRectangle.swift */; };
		0874AFFF2A6E91EE00879D8F /* CourseIcon.swift in Sources */ = {isa = PBXBuildFile; fileRef = 0874AFFE2A6E91EE00879D8F /* CourseIcon.swift */; };
		0874B0012A6EB13E00879D8F /* CourseLabelSquare.swift in Sources */ = {isa = PBXBuildFile; fileRef = 0874B0002A6EB13E00879D8F /* CourseLabelSquare.swift */; };
		0874B0052A6EE25000879D8F /* Settings.swift in Sources */ = {isa = PBXBuildFile; fileRef = 0874B0042A6EE25000879D8F /* Settings.swift */; };
		0874B0092A6EEE0000879D8F /* SettingsView.swift in Sources */ = {isa = PBXBuildFile; fileRef = 0874B0082A6EEE0000879D8F /* SettingsView.swift */; };
		0874B00C2A6EF63500879D8F /* SettingsViewModel.swift in Sources */ = {isa = PBXBuildFile; fileRef = 0874B00B2A6EF63500879D8F /* SettingsViewModel.swift */; };
		0874B00F2A6EF68900879D8F /* AppSettings.swift in Sources */ = {isa = PBXBuildFile; fileRef = 0874B00E2A6EF68900879D8F /* AppSettings.swift */; };
		0874B0112A6EF6BF00879D8F /* Notification.swift in Sources */ = {isa = PBXBuildFile; fileRef = 0874B0102A6EF6BF00879D8F /* Notification.swift */; };
		0874B0152A6EF90600879D8F /* SettingsLabel.swift in Sources */ = {isa = PBXBuildFile; fileRef = 0874B0142A6EF90600879D8F /* SettingsLabel.swift */; };
		0874B0182A6FEAAD00879D8F /* AboutUsView.swift in Sources */ = {isa = PBXBuildFile; fileRef = 0874B0172A6FEAAC00879D8F /* AboutUsView.swift */; };
		08CD22D62A77C4ED007A0334 /* Poppins-Italic.ttf in Resources */ = {isa = PBXBuildFile; fileRef = 08CD22D52A77C4ED007A0334 /* Poppins-Italic.ttf */; };
		08CD22D82A77C4F8007A0334 /* Poppins-Medium.ttf in Resources */ = {isa = PBXBuildFile; fileRef = 08CD22D72A77C4F8007A0334 /* Poppins-Medium.ttf */; };
		08CD22DA2A77C500007A0334 /* Poppins-Light.ttf in Resources */ = {isa = PBXBuildFile; fileRef = 08CD22D92A77C500007A0334 /* Poppins-Light.ttf */; };
		08CD22DC2A77C510007A0334 /* Poppins-Regular.ttf in Resources */ = {isa = PBXBuildFile; fileRef = 08CD22DB2A77C510007A0334 /* Poppins-Regular.ttf */; };
		08CD22DE2A77C51C007A0334 /* Poppins-SemiBold.ttf in Resources */ = {isa = PBXBuildFile; fileRef = 08CD22DD2A77C51B007A0334 /* Poppins-SemiBold.ttf */; };
		08CD22E02A77C527007A0334 /* Poppins-Bold.ttf in Resources */ = {isa = PBXBuildFile; fileRef = 08CD22DF2A77C527007A0334 /* Poppins-Bold.ttf */; };
		08CD22E22A77C6DA007A0334 /* Poppins-BoldItalic.ttf in Resources */ = {isa = PBXBuildFile; fileRef = 08CD22E12A77C6DA007A0334 /* Poppins-BoldItalic.ttf */; };
		08CD22F22A794849007A0334 /* Markdown in Frameworks */ = {isa = PBXBuildFile; productRef = 08CD22F12A794849007A0334 /* Markdown */; };
		08CD22F52A794890007A0334 /* Highlightr in Frameworks */ = {isa = PBXBuildFile; productRef = 08CD22F42A794890007A0334 /* Highlightr */; };
		08CD22FB2A79497F007A0334 /* MarkdownAttributedStringParser.swift in Sources */ = {isa = PBXBuildFile; fileRef = 08CD22FA2A79497F007A0334 /* MarkdownAttributedStringParser.swift */; };
		08CD22FD2A794B83007A0334 /* ParserResult.swift in Sources */ = {isa = PBXBuildFile; fileRef = 08CD22FC2A794B83007A0334 /* ParserResult.swift */; };
		08CD22FF2A794E7E007A0334 /* CodeBlockView.swift in Sources */ = {isa = PBXBuildFile; fileRef = 08CD22FE2A794E7E007A0334 /* CodeBlockView.swift */; };
		08FDF3662A6C3F6800BB8987 /* SwiftiApp.swift in Sources */ = {isa = PBXBuildFile; fileRef = 08FDF3652A6C3F6800BB8987 /* SwiftiApp.swift */; };
		08FDF36A2A6C3F6C00BB8987 /* Assets.xcassets in Resources */ = {isa = PBXBuildFile; fileRef = 08FDF3692A6C3F6C00BB8987 /* Assets.xcassets */; };
		08FDF36D2A6C3F6C00BB8987 /* Preview Assets.xcassets in Resources */ = {isa = PBXBuildFile; fileRef = 08FDF36C2A6C3F6C00BB8987 /* Preview Assets.xcassets */; };
		08FDF3722A6C3F6C00BB8987 /* SwiftiDataModel.xcdatamodeld in Sources */ = {isa = PBXBuildFile; fileRef = 08FDF3702A6C3F6C00BB8987 /* SwiftiDataModel.xcdatamodeld */; };
		08FDF37C2A6C3F6D00BB8987 /* SwiftiTests.swift in Sources */ = {isa = PBXBuildFile; fileRef = 08FDF37B2A6C3F6D00BB8987 /* SwiftiTests.swift */; };
		08FDF3862A6C3F6D00BB8987 /* SwiftiUITests.swift in Sources */ = {isa = PBXBuildFile; fileRef = 08FDF3852A6C3F6D00BB8987 /* SwiftiUITests.swift */; };
		08FDF3882A6C3F6D00BB8987 /* SwiftiUITestsLaunchTests.swift in Sources */ = {isa = PBXBuildFile; fileRef = 08FDF3872A6C3F6D00BB8987 /* SwiftiUITestsLaunchTests.swift */; };
		08FDF39C2A6C412900BB8987 /* LaunchScreenView.swift in Sources */ = {isa = PBXBuildFile; fileRef = 08FDF39B2A6C412900BB8987 /* LaunchScreenView.swift */; };
		08FDF39E2A6C4B3C00BB8987 /* Style.swift in Sources */ = {isa = PBXBuildFile; fileRef = 08FDF39D2A6C4B3C00BB8987 /* Style.swift */; };
/* End PBXBuildFile section */

/* Begin PBXContainerItemProxy section */
		08FDF3782A6C3F6D00BB8987 /* PBXContainerItemProxy */ = {
			isa = PBXContainerItemProxy;
			containerPortal = 08FDF35A2A6C3F6800BB8987 /* Project object */;
			proxyType = 1;
			remoteGlobalIDString = 08FDF3612A6C3F6800BB8987;
			remoteInfo = Swifti;
		};
		08FDF3822A6C3F6D00BB8987 /* PBXContainerItemProxy */ = {
			isa = PBXContainerItemProxy;
			containerPortal = 08FDF35A2A6C3F6800BB8987 /* Project object */;
			proxyType = 1;
			remoteGlobalIDString = 08FDF3612A6C3F6800BB8987;
			remoteInfo = Swifti;
		};
/* End PBXContainerItemProxy section */

/* Begin PBXFileReference section */
		084F17F52A6FEF1F00BC25CC /* TechnosLabel.swift */ = {isa = PBXFileReference; lastKnownFileType = sourcecode.swift; path = TechnosLabel.swift; sourceTree = "<group>"; };
		084F17F82A6FEFF400BC25CC /* LinkButton.swift */ = {isa = PBXFileReference; lastKnownFileType = sourcecode.swift; path = LinkButton.swift; sourceTree = "<group>"; };
		084F17FA2A6FF02F00BC25CC /* SafariRepresentable.swift */ = {isa = PBXFileReference; lastKnownFileType = sourcecode.swift; path = SafariRepresentable.swift; sourceTree = "<group>"; };
		084F18012A70022B00BC25CC /* OptionButton.swift */ = {isa = PBXFileReference; lastKnownFileType = sourcecode.swift; path = OptionButton.swift; sourceTree = "<group>"; };
		084F18062A7154BC00BC25CC /* TermsSection.swift */ = {isa = PBXFileReference; lastKnownFileType = sourcecode.swift; path = TermsSection.swift; sourceTree = "<group>"; };
		084F18092A71552100BC25CC /* TermsOfService.swift */ = {isa = PBXFileReference; lastKnownFileType = sourcecode.swift; path = TermsOfService.swift; sourceTree = "<group>"; };
		084F180D2A71569F00BC25CC /* PrivacyPolicyView.swift */ = {isa = PBXFileReference; lastKnownFileType = sourcecode.swift; path = PrivacyPolicyView.swift; sourceTree = "<group>"; };
		084F18132A715F0900BC25CC /* ArticlesView.swift */ = {isa = PBXFileReference; lastKnownFileType = sourcecode.swift; path = ArticlesView.swift; sourceTree = "<group>"; };
		084F18152A7164E000BC25CC /* Articles.json */ = {isa = PBXFileReference; lastKnownFileType = text.json; path = Articles.json; sourceTree = "<group>"; };
		084F18192A71660D00BC25CC /* Article+Decodable.swift */ = {isa = PBXFileReference; lastKnownFileType = sourcecode.swift; path = "Article+Decodable.swift"; sourceTree = "<group>"; };
		084F181B2A71663A00BC25CC /* ArticlesViewModel.swift */ = {isa = PBXFileReference; lastKnownFileType = sourcecode.swift; path = ArticlesViewModel.swift; sourceTree = "<group>"; };
		084F181D2A716C7600BC25CC /* InformationLabel.swift */ = {isa = PBXFileReference; lastKnownFileType = sourcecode.swift; path = InformationLabel.swift; sourceTree = "<group>"; };
		084F181F2A71807A00BC25CC /* ArticlesLabel.swift */ = {isa = PBXFileReference; lastKnownFileType = sourcecode.swift; path = ArticlesLabel.swift; sourceTree = "<group>"; };
		084F18212A7182D800BC25CC /* ImageView.swift */ = {isa = PBXFileReference; lastKnownFileType = sourcecode.swift; path = ImageView.swift; sourceTree = "<group>"; };
		084F18232A71A10800BC25CC /* Gradient.swift */ = {isa = PBXFileReference; lastKnownFileType = sourcecode.swift; path = Gradient.swift; sourceTree = "<group>"; };
		084F18252A72829000BC25CC /* NavigationToArticle.swift */ = {isa = PBXFileReference; lastKnownFileType = sourcecode.swift; path = NavigationToArticle.swift; sourceTree = "<group>"; };
		084F18272A728BF900BC25CC /* NavigationToArticleButton.swift */ = {isa = PBXFileReference; lastKnownFileType = sourcecode.swift; path = NavigationToArticleButton.swift; sourceTree = "<group>"; };
		084F18302A72B5DC00BC25CC /* CourseView.swift */ = {isa = PBXFileReference; lastKnownFileType = sourcecode.swift; path = CourseView.swift; sourceTree = "<group>"; };
		084F18322A72BB4A00BC25CC /* Courses.json */ = {isa = PBXFileReference; lastKnownFileType = text.json; path = Courses.json; sourceTree = "<group>"; };
		084F18342A72BCFF00BC25CC /* Course+Decodable.swift */ = {isa = PBXFileReference; lastKnownFileType = sourcecode.swift; path = "Course+Decodable.swift"; sourceTree = "<group>"; };
		084F18362A72BD3800BC25CC /* CourseViewModel.swift */ = {isa = PBXFileReference; lastKnownFileType = sourcecode.swift; path = CourseViewModel.swift; sourceTree = "<group>"; };
		084F183B2A72C09600BC25CC /* NavigationToCourse.swift */ = {isa = PBXFileReference; lastKnownFileType = sourcecode.swift; path = NavigationToCourse.swift; sourceTree = "<group>"; };
		0874AFE42A6C8E1E00879D8F /* Info.plist */ = {isa = PBXFileReference; lastKnownFileType = text.plist.xml; path = Info.plist; sourceTree = "<group>"; };
		0874AFE72A6D37B700879D8F /* WelcomeView.swift */ = {isa = PBXFileReference; lastKnownFileType = sourcecode.swift; path = WelcomeView.swift; sourceTree = "<group>"; };
		0874AFEA2A6D3E3500879D8F /* ValidateButton.swift */ = {isa = PBXFileReference; lastKnownFileType = sourcecode.swift; path = ValidateButton.swift; sourceTree = "<group>"; };
		0874AFEC2A6D468500879D8F /* DataController.swift */ = {isa = PBXFileReference; lastKnownFileType = sourcecode.swift; path = DataController.swift; sourceTree = "<group>"; };
		0874AFF12A6D5E8100879D8F /* HomeView.swift */ = {isa = PBXFileReference; lastKnownFileType = sourcecode.swift; path = HomeView.swift; sourceTree = "<group>"; };
		0874AFF42A6D5F0300879D8F /* HomeViewModel.swift */ = {isa = PBXFileReference; lastKnownFileType = sourcecode.swift; path = HomeViewModel.swift; sourceTree = "<group>"; };
		0874AFF72A6D65E900879D8F /* WelcomeViewModel.swift */ = {isa = PBXFileReference; lastKnownFileType = sourcecode.swift; path = WelcomeViewModel.swift; sourceTree = "<group>"; };
		0874AFF92A6DD97B00879D8F /* SearchBar.swift */ = {isa = PBXFileReference; lastKnownFileType = sourcecode.swift; path = SearchBar.swift; sourceTree = "<group>"; };
		0874AFFC2A6E91BF00879D8F /* CourseLabelRectangle.swift */ = {isa = PBXFileReference; lastKnownFileType = sourcecode.swift; path = CourseLabelRectangle.swift; sourceTree = "<group>"; };
		0874AFFE2A6E91EE00879D8F /* CourseIcon.swift */ = {isa = PBXFileReference; lastKnownFileType = sourcecode.swift; path = CourseIcon.swift; sourceTree = "<group>"; };
		0874B0002A6EB13E00879D8F /* CourseLabelSquare.swift */ = {isa = PBXFileReference; lastKnownFileType = sourcecode.swift; path = CourseLabelSquare.swift; sourceTree = "<group>"; };
		0874B0042A6EE25000879D8F /* Settings.swift */ = {isa = PBXFileReference; lastKnownFileType = sourcecode.swift; path = Settings.swift; sourceTree = "<group>"; };
		0874B0082A6EEE0000879D8F /* SettingsView.swift */ = {isa = PBXFileReference; lastKnownFileType = sourcecode.swift; path = SettingsView.swift; sourceTree = "<group>"; };
		0874B00B2A6EF63500879D8F /* SettingsViewModel.swift */ = {isa = PBXFileReference; lastKnownFileType = sourcecode.swift; path = SettingsViewModel.swift; sourceTree = "<group>"; };
		0874B00E2A6EF68900879D8F /* AppSettings.swift */ = {isa = PBXFileReference; lastKnownFileType = sourcecode.swift; path = AppSettings.swift; sourceTree = "<group>"; };
		0874B0102A6EF6BF00879D8F /* Notification.swift */ = {isa = PBXFileReference; lastKnownFileType = sourcecode.swift; path = Notification.swift; sourceTree = "<group>"; };
		0874B0142A6EF90600879D8F /* SettingsLabel.swift */ = {isa = PBXFileReference; lastKnownFileType = sourcecode.swift; path = SettingsLabel.swift; sourceTree = "<group>"; };
		0874B0172A6FEAAC00879D8F /* AboutUsView.swift */ = {isa = PBXFileReference; lastKnownFileType = sourcecode.swift; path = AboutUsView.swift; sourceTree = "<group>"; };
		08CD22D52A77C4ED007A0334 /* Poppins-Italic.ttf */ = {isa = PBXFileReference; lastKnownFileType = file; path = "Poppins-Italic.ttf"; sourceTree = "<group>"; };
		08CD22D72A77C4F8007A0334 /* Poppins-Medium.ttf */ = {isa = PBXFileReference; lastKnownFileType = file; path = "Poppins-Medium.ttf"; sourceTree = "<group>"; };
		08CD22D92A77C500007A0334 /* Poppins-Light.ttf */ = {isa = PBXFileReference; lastKnownFileType = file; path = "Poppins-Light.ttf"; sourceTree = "<group>"; };
		08CD22DB2A77C510007A0334 /* Poppins-Regular.ttf */ = {isa = PBXFileReference; lastKnownFileType = file; path = "Poppins-Regular.ttf"; sourceTree = "<group>"; };
		08CD22DD2A77C51B007A0334 /* Poppins-SemiBold.ttf */ = {isa = PBXFileReference; lastKnownFileType = file; path = "Poppins-SemiBold.ttf"; sourceTree = "<group>"; };
		08CD22DF2A77C527007A0334 /* Poppins-Bold.ttf */ = {isa = PBXFileReference; lastKnownFileType = file; path = "Poppins-Bold.ttf"; sourceTree = "<group>"; };
		08CD22E12A77C6DA007A0334 /* Poppins-BoldItalic.ttf */ = {isa = PBXFileReference; lastKnownFileType = file; path = "Poppins-BoldItalic.ttf"; sourceTree = "<group>"; };
		08CD22FA2A79497F007A0334 /* MarkdownAttributedStringParser.swift */ = {isa = PBXFileReference; lastKnownFileType = sourcecode.swift; path = MarkdownAttributedStringParser.swift; sourceTree = "<group>"; };
		08CD22FC2A794B83007A0334 /* ParserResult.swift */ = {isa = PBXFileReference; lastKnownFileType = sourcecode.swift; path = ParserResult.swift; sourceTree = "<group>"; };
		08CD22FE2A794E7E007A0334 /* CodeBlockView.swift */ = {isa = PBXFileReference; lastKnownFileType = sourcecode.swift; path = CodeBlockView.swift; sourceTree = "<group>"; };
		08FDF3622A6C3F6800BB8987 /* Swifti.app */ = {isa = PBXFileReference; explicitFileType = wrapper.application; includeInIndex = 0; path = Swifti.app; sourceTree = BUILT_PRODUCTS_DIR; };
		08FDF3652A6C3F6800BB8987 /* SwiftiApp.swift */ = {isa = PBXFileReference; lastKnownFileType = sourcecode.swift; path = SwiftiApp.swift; sourceTree = "<group>"; };
		08FDF3692A6C3F6C00BB8987 /* Assets.xcassets */ = {isa = PBXFileReference; lastKnownFileType = folder.assetcatalog; path = Assets.xcassets; sourceTree = "<group>"; };
		08FDF36C2A6C3F6C00BB8987 /* Preview Assets.xcassets */ = {isa = PBXFileReference; lastKnownFileType = folder.assetcatalog; path = "Preview Assets.xcassets"; sourceTree = "<group>"; };
		08FDF3712A6C3F6C00BB8987 /* Swifti.xcdatamodel */ = {isa = PBXFileReference; lastKnownFileType = wrapper.xcdatamodel; path = Swifti.xcdatamodel; sourceTree = "<group>"; };
		08FDF3772A6C3F6D00BB8987 /* SwiftiTests.xctest */ = {isa = PBXFileReference; explicitFileType = wrapper.cfbundle; includeInIndex = 0; path = SwiftiTests.xctest; sourceTree = BUILT_PRODUCTS_DIR; };
		08FDF37B2A6C3F6D00BB8987 /* SwiftiTests.swift */ = {isa = PBXFileReference; lastKnownFileType = sourcecode.swift; path = SwiftiTests.swift; sourceTree = "<group>"; };
		08FDF3812A6C3F6D00BB8987 /* SwiftiUITests.xctest */ = {isa = PBXFileReference; explicitFileType = wrapper.cfbundle; includeInIndex = 0; path = SwiftiUITests.xctest; sourceTree = BUILT_PRODUCTS_DIR; };
		08FDF3852A6C3F6D00BB8987 /* SwiftiUITests.swift */ = {isa = PBXFileReference; lastKnownFileType = sourcecode.swift; path = SwiftiUITests.swift; sourceTree = "<group>"; };
		08FDF3872A6C3F6D00BB8987 /* SwiftiUITestsLaunchTests.swift */ = {isa = PBXFileReference; lastKnownFileType = sourcecode.swift; path = SwiftiUITestsLaunchTests.swift; sourceTree = "<group>"; };
		08FDF39B2A6C412900BB8987 /* LaunchScreenView.swift */ = {isa = PBXFileReference; lastKnownFileType = sourcecode.swift; path = LaunchScreenView.swift; sourceTree = "<group>"; };
		08FDF39D2A6C4B3C00BB8987 /* Style.swift */ = {isa = PBXFileReference; lastKnownFileType = sourcecode.swift; path = Style.swift; sourceTree = "<group>"; };
/* End PBXFileReference section */

/* Begin PBXFrameworksBuildPhase section */
		08FDF35F2A6C3F6800BB8987 /* Frameworks */ = {
			isa = PBXFrameworksBuildPhase;
			buildActionMask = 2147483647;
			files = (
				084F18002A7001C800BC25CC /* WrappingHStack in Frameworks */,
				08CD22F52A794890007A0334 /* Highlightr in Frameworks */,
				08CD22F22A794849007A0334 /* Markdown in Frameworks */,
			);
			runOnlyForDeploymentPostprocessing = 0;
		};
		08FDF3742A6C3F6D00BB8987 /* Frameworks */ = {
			isa = PBXFrameworksBuildPhase;
			buildActionMask = 2147483647;
			files = (
			);
			runOnlyForDeploymentPostprocessing = 0;
		};
		08FDF37E2A6C3F6D00BB8987 /* Frameworks */ = {
			isa = PBXFrameworksBuildPhase;
			buildActionMask = 2147483647;
			files = (
			);
			runOnlyForDeploymentPostprocessing = 0;
		};
/* End PBXFrameworksBuildPhase section */

/* Begin PBXGroup section */
		084F17F42A6FEEBB00BC25CC /* Component */ = {
			isa = PBXGroup;
			children = (
				084F17F52A6FEF1F00BC25CC /* TechnosLabel.swift */,
				084F17F82A6FEFF400BC25CC /* LinkButton.swift */,
			);
			path = Component;
			sourceTree = "<group>";
		};
		084F18032A71546600BC25CC /* TermsOfService */ = {
			isa = PBXGroup;
			children = (
				084F18042A71548C00BC25CC /* View */,
				084F18052A7154A000BC25CC /* Component */,
			);
			path = TermsOfService;
			sourceTree = "<group>";
		};
		084F18042A71548C00BC25CC /* View */ = {
			isa = PBXGroup;
			children = (
				084F18092A71552100BC25CC /* TermsOfService.swift */,
			);
			path = View;
			sourceTree = "<group>";
		};
		084F18052A7154A000BC25CC /* Component */ = {
			isa = PBXGroup;
			children = (
				084F18062A7154BC00BC25CC /* TermsSection.swift */,
			);
			path = Component;
			sourceTree = "<group>";
		};
		084F180B2A71567800BC25CC /* PrivacyPolicy */ = {
			isa = PBXGroup;
			children = (
				084F180C2A71569400BC25CC /* View */,
			);
			path = PrivacyPolicy;
			sourceTree = "<group>";
		};
		084F180C2A71569400BC25CC /* View */ = {
			isa = PBXGroup;
			children = (
				084F180D2A71569F00BC25CC /* PrivacyPolicyView.swift */,
			);
			path = View;
			sourceTree = "<group>";
		};
		084F180F2A715DCC00BC25CC /* Articles */ = {
			isa = PBXGroup;
			children = (
				084F18102A715EE300BC25CC /* View */,
				084F18112A715EE800BC25CC /* ViewModel */,
				084F18122A715EEE00BC25CC /* Component */,
				084F18152A7164E000BC25CC /* Articles.json */,
			);
			path = Articles;
			sourceTree = "<group>";
		};
		084F18102A715EE300BC25CC /* View */ = {
			isa = PBXGroup;
			children = (
				084F18132A715F0900BC25CC /* ArticlesView.swift */,
			);
			path = View;
			sourceTree = "<group>";
		};
		084F18112A715EE800BC25CC /* ViewModel */ = {
			isa = PBXGroup;
			children = (
				084F181B2A71663A00BC25CC /* ArticlesViewModel.swift */,
			);
			path = ViewModel;
			sourceTree = "<group>";
		};
		084F18122A715EEE00BC25CC /* Component */ = {
			isa = PBXGroup;
			children = (
				084F18292A72ACAC00BC25CC /* NavigationToArticle */,
				084F181F2A71807A00BC25CC /* ArticlesLabel.swift */,
			);
			path = Component;
			sourceTree = "<group>";
		};
		084F18172A7165E900BC25CC /* Network */ = {
			isa = PBXGroup;
			children = (
				084F18182A7165EE00BC25CC /* Data Mapping */,
			);
			path = Network;
			sourceTree = "<group>";
		};
		084F18182A7165EE00BC25CC /* Data Mapping */ = {
			isa = PBXGroup;
			children = (
				084F18192A71660D00BC25CC /* Article+Decodable.swift */,
				084F18342A72BCFF00BC25CC /* Course+Decodable.swift */,
			);
			path = "Data Mapping";
			sourceTree = "<group>";
		};
		084F18292A72ACAC00BC25CC /* NavigationToArticle */ = {
			isa = PBXGroup;
			children = (
				084F182A2A72ACB800BC25CC /* View */,
				084F182B2A72ACBC00BC25CC /* Component */,
			);
			path = NavigationToArticle;
			sourceTree = "<group>";
		};
		084F182A2A72ACB800BC25CC /* View */ = {
			isa = PBXGroup;
			children = (
				084F18252A72829000BC25CC /* NavigationToArticle.swift */,
			);
			path = View;
			sourceTree = "<group>";
		};
		084F182B2A72ACBC00BC25CC /* Component */ = {
			isa = PBXGroup;
			children = (
				084F18272A728BF900BC25CC /* NavigationToArticleButton.swift */,
			);
			path = Component;
			sourceTree = "<group>";
		};
		084F182C2A72B5AF00BC25CC /* Course */ = {
			isa = PBXGroup;
			children = (
				084F182F2A72B5CA00BC25CC /* View */,
				084F182E2A72B5C500BC25CC /* ViewModel */,
				084F182D2A72B5B800BC25CC /* Component */,
				084F18322A72BB4A00BC25CC /* Courses.json */,
			);
			path = Course;
			sourceTree = "<group>";
		};
		084F182D2A72B5B800BC25CC /* Component */ = {
			isa = PBXGroup;
			children = (
				084F18382A72C07B00BC25CC /* NavigationToCourse */,
				0874AFFC2A6E91BF00879D8F /* CourseLabelRectangle.swift */,
				0874AFFE2A6E91EE00879D8F /* CourseIcon.swift */,
			);
			path = Component;
			sourceTree = "<group>";
		};
		084F182E2A72B5C500BC25CC /* ViewModel */ = {
			isa = PBXGroup;
			children = (
				084F18362A72BD3800BC25CC /* CourseViewModel.swift */,
			);
			path = ViewModel;
			sourceTree = "<group>";
		};
		084F182F2A72B5CA00BC25CC /* View */ = {
			isa = PBXGroup;
			children = (
				084F18302A72B5DC00BC25CC /* CourseView.swift */,
			);
			path = View;
			sourceTree = "<group>";
		};
		084F18382A72C07B00BC25CC /* NavigationToCourse */ = {
			isa = PBXGroup;
			children = (
				084F183A2A72C08900BC25CC /* View */,
				084F18392A72C08300BC25CC /* Conponent */,
			);
			path = NavigationToCourse;
			sourceTree = "<group>";
		};
		084F18392A72C08300BC25CC /* Conponent */ = {
			isa = PBXGroup;
			children = (
			);
			path = Conponent;
			sourceTree = "<group>";
		};
		084F183A2A72C08900BC25CC /* View */ = {
			isa = PBXGroup;
			children = (
				084F183B2A72C09600BC25CC /* NavigationToCourse.swift */,
			);
			path = View;
			sourceTree = "<group>";
		};
		0874AFD92A6C8C6B00879D8F /* Fonts */ = {
			isa = PBXGroup;
			children = (
				08CD22D92A77C500007A0334 /* Poppins-Light.ttf */,
				08CD22DB2A77C510007A0334 /* Poppins-Regular.ttf */,
				08CD22D52A77C4ED007A0334 /* Poppins-Italic.ttf */,
				08CD22D72A77C4F8007A0334 /* Poppins-Medium.ttf */,
				08CD22DD2A77C51B007A0334 /* Poppins-SemiBold.ttf */,
				08CD22DF2A77C527007A0334 /* Poppins-Bold.ttf */,
				08CD22E12A77C6DA007A0334 /* Poppins-BoldItalic.ttf */,
			);
			path = Fonts;
			sourceTree = "<group>";
		};
		0874AFE52A6D379300879D8F /* Welcome */ = {
			isa = PBXGroup;
			children = (
				0874AFE62A6D37A000879D8F /* View */,
				0874AFF62A6D65D400879D8F /* ViewModel */,
			);
			path = Welcome;
			sourceTree = "<group>";
		};
		0874AFE62A6D37A000879D8F /* View */ = {
			isa = PBXGroup;
			children = (
				0874AFE72A6D37B700879D8F /* WelcomeView.swift */,
			);
			path = View;
			sourceTree = "<group>";
		};
		0874AFE92A6D3E1600879D8F /* Component */ = {
			isa = PBXGroup;
			children = (
				08CD22FE2A794E7E007A0334 /* CodeBlockView.swift */,
				084F181D2A716C7600BC25CC /* InformationLabel.swift */,
				0874AFEA2A6D3E3500879D8F /* ValidateButton.swift */,
				084F18212A7182D800BC25CC /* ImageView.swift */,
				084F17FA2A6FF02F00BC25CC /* SafariRepresentable.swift */,
				0874AFF92A6DD97B00879D8F /* SearchBar.swift */,
				084F18012A70022B00BC25CC /* OptionButton.swift */,
			);
			path = Component;
			sourceTree = "<group>";
		};
		0874AFEF2A6D5E5500879D8F /* Home */ = {
			isa = PBXGroup;
			children = (
				0874AFF02A6D5E7000879D8F /* View */,
				0874AFF32A6D5ECC00879D8F /* ViewModel */,
				0874AFFB2A6E915600879D8F /* Components */,
			);
			path = Home;
			sourceTree = "<group>";
		};
		0874AFF02A6D5E7000879D8F /* View */ = {
			isa = PBXGroup;
			children = (
				0874AFF12A6D5E8100879D8F /* HomeView.swift */,
			);
			path = View;
			sourceTree = "<group>";
		};
		0874AFF32A6D5ECC00879D8F /* ViewModel */ = {
			isa = PBXGroup;
			children = (
				0874AFF42A6D5F0300879D8F /* HomeViewModel.swift */,
			);
			path = ViewModel;
			sourceTree = "<group>";
		};
		0874AFF62A6D65D400879D8F /* ViewModel */ = {
			isa = PBXGroup;
			children = (
				0874AFF72A6D65E900879D8F /* WelcomeViewModel.swift */,
			);
			path = ViewModel;
			sourceTree = "<group>";
		};
		0874AFFB2A6E915600879D8F /* Components */ = {
			isa = PBXGroup;
			children = (
				0874B0002A6EB13E00879D8F /* CourseLabelSquare.swift */,
			);
			path = Components;
			sourceTree = "<group>";
		};
		0874B0022A6EE12D00879D8F /* Settings */ = {
			isa = PBXGroup;
			children = (
				0874B0062A6EEDE400879D8F /* View */,
				0874B0072A6EEDEB00879D8F /* ViewModel */,
				0874B00A2A6EF58A00879D8F /* Component */,
			);
			path = Settings;
			sourceTree = "<group>";
		};
		0874B0032A6EE24400879D8F /* Entities */ = {
			isa = PBXGroup;
			children = (
				0874B0042A6EE25000879D8F /* Settings.swift */,
				0874B0102A6EF6BF00879D8F /* Notification.swift */,
				084F18232A71A10800BC25CC /* Gradient.swift */,
				08CD22FA2A79497F007A0334 /* MarkdownAttributedStringParser.swift */,
				08CD22FC2A794B83007A0334 /* ParserResult.swift */,
			);
			path = Entities;
			sourceTree = "<group>";
		};
		0874B0062A6EEDE400879D8F /* View */ = {
			isa = PBXGroup;
			children = (
				0874B0082A6EEE0000879D8F /* SettingsView.swift */,
			);
			path = View;
			sourceTree = "<group>";
		};
		0874B0072A6EEDEB00879D8F /* ViewModel */ = {
			isa = PBXGroup;
			children = (
				0874B00B2A6EF63500879D8F /* SettingsViewModel.swift */,
			);
			path = ViewModel;
			sourceTree = "<group>";
		};
		0874B00A2A6EF58A00879D8F /* Component */ = {
			isa = PBXGroup;
			children = (
				0874B0162A6F1A1800879D8F /* AboutUs */,
				084F180B2A71567800BC25CC /* PrivacyPolicy */,
				084F18032A71546600BC25CC /* TermsOfService */,
				0874B0142A6EF90600879D8F /* SettingsLabel.swift */,
			);
			path = Component;
			sourceTree = "<group>";
		};
		0874B00D2A6EF67B00879D8F /* Repositories */ = {
			isa = PBXGroup;
			children = (
				0874B00E2A6EF68900879D8F /* AppSettings.swift */,
			);
			path = Repositories;
			sourceTree = "<group>";
		};
		0874B0162A6F1A1800879D8F /* AboutUs */ = {
			isa = PBXGroup;
			children = (
				0874B0192A6FEAB300879D8F /* View */,
				084F17F42A6FEEBB00BC25CC /* Component */,
			);
			path = AboutUs;
			sourceTree = "<group>";
		};
		0874B0192A6FEAB300879D8F /* View */ = {
			isa = PBXGroup;
			children = (
				0874B0172A6FEAAC00879D8F /* AboutUsView.swift */,
			);
			path = View;
			sourceTree = "<group>";
		};
		08FDF3592A6C3F6800BB8987 = {
			isa = PBXGroup;
			children = (
				08FDF3642A6C3F6800BB8987 /* Swifti */,
				08FDF37A2A6C3F6D00BB8987 /* SwiftiTests */,
				08FDF3842A6C3F6D00BB8987 /* SwiftiUITests */,
				08FDF3632A6C3F6800BB8987 /* Products */,
			);
			sourceTree = "<group>";
		};
		08FDF3632A6C3F6800BB8987 /* Products */ = {
			isa = PBXGroup;
			children = (
				08FDF3622A6C3F6800BB8987 /* Swifti.app */,
				08FDF3772A6C3F6D00BB8987 /* SwiftiTests.xctest */,
				08FDF3812A6C3F6D00BB8987 /* SwiftiUITests.xctest */,
			);
			name = Products;
			sourceTree = "<group>";
		};
		08FDF3642A6C3F6800BB8987 /* Swifti */ = {
			isa = PBXGroup;
			children = (
				08FDF3972A6C40B300BB8987 /* Domain */,
				08FDF3962A6C406300BB8987 /* Application */,
				08FDF3942A6C404500BB8987 /* Presentation */,
				0874AFE92A6D3E1600879D8F /* Component */,
				08FDF3952A6C405600BB8987 /* Data */,
				08FDF3982A6C40BB00BB8987 /* Extensions */,
				08FDF36B2A6C3F6C00BB8987 /* Preview Content */,
			);
			path = Swifti;
			sourceTree = "<group>";
		};
		08FDF36B2A6C3F6C00BB8987 /* Preview Content */ = {
			isa = PBXGroup;
			children = (
				08FDF36C2A6C3F6C00BB8987 /* Preview Assets.xcassets */,
			);
			path = "Preview Content";
			sourceTree = "<group>";
		};
		08FDF37A2A6C3F6D00BB8987 /* SwiftiTests */ = {
			isa = PBXGroup;
			children = (
				08FDF37B2A6C3F6D00BB8987 /* SwiftiTests.swift */,
			);
			path = SwiftiTests;
			sourceTree = "<group>";
		};
		08FDF3842A6C3F6D00BB8987 /* SwiftiUITests */ = {
			isa = PBXGroup;
			children = (
				08FDF3852A6C3F6D00BB8987 /* SwiftiUITests.swift */,
				08FDF3872A6C3F6D00BB8987 /* SwiftiUITestsLaunchTests.swift */,
			);
			path = SwiftiUITests;
			sourceTree = "<group>";
		};
		08FDF3942A6C404500BB8987 /* Presentation */ = {
			isa = PBXGroup;
			children = (
				08FDF3992A6C411300BB8987 /* LaunchScreen */,
				0874AFE52A6D379300879D8F /* Welcome */,
				0874AFEF2A6D5E5500879D8F /* Home */,
				084F182C2A72B5AF00BC25CC /* Course */,
				084F180F2A715DCC00BC25CC /* Articles */,
				0874B0022A6EE12D00879D8F /* Settings */,
			);
			path = Presentation;
			sourceTree = "<group>";
		};
		08FDF3952A6C405600BB8987 /* Data */ = {
			isa = PBXGroup;
			children = (
				084F18172A7165E900BC25CC /* Network */,
				0874B00D2A6EF67B00879D8F /* Repositories */,
				08FDF3702A6C3F6C00BB8987 /* SwiftiDataModel.xcdatamodeld */,
				0874AFEC2A6D468500879D8F /* DataController.swift */,
			);
			path = Data;
			sourceTree = "<group>";
		};
		08FDF3962A6C406300BB8987 /* Application */ = {
			isa = PBXGroup;
			children = (
				0874AFD92A6C8C6B00879D8F /* Fonts */,
				08FDF3692A6C3F6C00BB8987 /* Assets.xcassets */,
				08FDF3652A6C3F6800BB8987 /* SwiftiApp.swift */,
				0874AFE42A6C8E1E00879D8F /* Info.plist */,
			);
			path = Application;
			sourceTree = "<group>";
		};
		08FDF3972A6C40B300BB8987 /* Domain */ = {
			isa = PBXGroup;
			children = (
				0874B0032A6EE24400879D8F /* Entities */,
			);
			path = Domain;
			sourceTree = "<group>";
		};
		08FDF3982A6C40BB00BB8987 /* Extensions */ = {
			isa = PBXGroup;
			children = (
				08FDF39D2A6C4B3C00BB8987 /* Style.swift */,
			);
			path = Extensions;
			sourceTree = "<group>";
		};
		08FDF3992A6C411300BB8987 /* LaunchScreen */ = {
			isa = PBXGroup;
			children = (
				08FDF39A2A6C411B00BB8987 /* View */,
			);
			path = LaunchScreen;
			sourceTree = "<group>";
		};
		08FDF39A2A6C411B00BB8987 /* View */ = {
			isa = PBXGroup;
			children = (
				08FDF39B2A6C412900BB8987 /* LaunchScreenView.swift */,
			);
			path = View;
			sourceTree = "<group>";
		};
/* End PBXGroup section */

/* Begin PBXNativeTarget section */
		08FDF3612A6C3F6800BB8987 /* Swifti */ = {
			isa = PBXNativeTarget;
			buildConfigurationList = 08FDF38B2A6C3F6D00BB8987 /* Build configuration list for PBXNativeTarget "Swifti" */;
			buildPhases = (
				08FDF35E2A6C3F6800BB8987 /* Sources */,
				08FDF35F2A6C3F6800BB8987 /* Frameworks */,
				08FDF3602A6C3F6800BB8987 /* Resources */,
			);
			buildRules = (
			);
			dependencies = (
			);
			name = Swifti;
			packageProductDependencies = (
				084F17FF2A7001C800BC25CC /* WrappingHStack */,
				08CD22F12A794849007A0334 /* Markdown */,
				08CD22F42A794890007A0334 /* Highlightr */,
			);
			productName = Swifti;
			productReference = 08FDF3622A6C3F6800BB8987 /* Swifti.app */;
			productType = "com.apple.product-type.application";
		};
		08FDF3762A6C3F6D00BB8987 /* SwiftiTests */ = {
			isa = PBXNativeTarget;
			buildConfigurationList = 08FDF38E2A6C3F6D00BB8987 /* Build configuration list for PBXNativeTarget "SwiftiTests" */;
			buildPhases = (
				08FDF3732A6C3F6D00BB8987 /* Sources */,
				08FDF3742A6C3F6D00BB8987 /* Frameworks */,
				08FDF3752A6C3F6D00BB8987 /* Resources */,
			);
			buildRules = (
			);
			dependencies = (
				08FDF3792A6C3F6D00BB8987 /* PBXTargetDependency */,
			);
			name = SwiftiTests;
			productName = SwiftiTests;
			productReference = 08FDF3772A6C3F6D00BB8987 /* SwiftiTests.xctest */;
			productType = "com.apple.product-type.bundle.unit-test";
		};
		08FDF3802A6C3F6D00BB8987 /* SwiftiUITests */ = {
			isa = PBXNativeTarget;
			buildConfigurationList = 08FDF3912A6C3F6D00BB8987 /* Build configuration list for PBXNativeTarget "SwiftiUITests" */;
			buildPhases = (
				08FDF37D2A6C3F6D00BB8987 /* Sources */,
				08FDF37E2A6C3F6D00BB8987 /* Frameworks */,
				08FDF37F2A6C3F6D00BB8987 /* Resources */,
			);
			buildRules = (
			);
			dependencies = (
				08FDF3832A6C3F6D00BB8987 /* PBXTargetDependency */,
			);
			name = SwiftiUITests;
			productName = SwiftiUITests;
			productReference = 08FDF3812A6C3F6D00BB8987 /* SwiftiUITests.xctest */;
			productType = "com.apple.product-type.bundle.ui-testing";
		};
/* End PBXNativeTarget section */

/* Begin PBXProject section */
		08FDF35A2A6C3F6800BB8987 /* Project object */ = {
			isa = PBXProject;
			attributes = {
				BuildIndependentTargetsInParallel = 1;
				LastSwiftUpdateCheck = 1400;
				LastUpgradeCheck = 1400;
				TargetAttributes = {
					08FDF3612A6C3F6800BB8987 = {
						CreatedOnToolsVersion = 14.0;
					};
					08FDF3762A6C3F6D00BB8987 = {
						CreatedOnToolsVersion = 14.0;
						TestTargetID = 08FDF3612A6C3F6800BB8987;
					};
					08FDF3802A6C3F6D00BB8987 = {
						CreatedOnToolsVersion = 14.0;
						TestTargetID = 08FDF3612A6C3F6800BB8987;
					};
				};
			};
			buildConfigurationList = 08FDF35D2A6C3F6800BB8987 /* Build configuration list for PBXProject "Swifti" */;
			compatibilityVersion = "Xcode 14.0";
			developmentRegion = en;
			hasScannedForEncodings = 0;
			knownRegions = (
				en,
				Base,
			);
			mainGroup = 08FDF3592A6C3F6800BB8987;
			packageReferences = (
				084F17FE2A7001C800BC25CC /* XCRemoteSwiftPackageReference "WrappingHStack" */,
				08CD22F02A794849007A0334 /* XCRemoteSwiftPackageReference "swift-markdown" */,
				08CD22F32A794890007A0334 /* XCRemoteSwiftPackageReference "Highlightr" */,
			);
			productRefGroup = 08FDF3632A6C3F6800BB8987 /* Products */;
			projectDirPath = "";
			projectRoot = "";
			targets = (
				08FDF3612A6C3F6800BB8987 /* Swifti */,
				08FDF3762A6C3F6D00BB8987 /* SwiftiTests */,
				08FDF3802A6C3F6D00BB8987 /* SwiftiUITests */,
			);
		};
/* End PBXProject section */

/* Begin PBXResourcesBuildPhase section */
		08FDF3602A6C3F6800BB8987 /* Resources */ = {
			isa = PBXResourcesBuildPhase;
			buildActionMask = 2147483647;
			files = (
				08CD22DA2A77C500007A0334 /* Poppins-Light.ttf in Resources */,
				08FDF36D2A6C3F6C00BB8987 /* Preview Assets.xcassets in Resources */,
				084F18162A7164E000BC25CC /* Articles.json in Resources */,
				084F18332A72BB4A00BC25CC /* Courses.json in Resources */,
				08CD22D82A77C4F8007A0334 /* Poppins-Medium.ttf in Resources */,
				08CD22D62A77C4ED007A0334 /* Poppins-Italic.ttf in Resources */,
				08CD22DE2A77C51C007A0334 /* Poppins-SemiBold.ttf in Resources */,
				08CD22E02A77C527007A0334 /* Poppins-Bold.ttf in Resources */,
				08CD22E22A77C6DA007A0334 /* Poppins-BoldItalic.ttf in Resources */,
				08FDF36A2A6C3F6C00BB8987 /* Assets.xcassets in Resources */,
				08CD22DC2A77C510007A0334 /* Poppins-Regular.ttf in Resources */,
			);
			runOnlyForDeploymentPostprocessing = 0;
		};
		08FDF3752A6C3F6D00BB8987 /* Resources */ = {
			isa = PBXResourcesBuildPhase;
			buildActionMask = 2147483647;
			files = (
			);
			runOnlyForDeploymentPostprocessing = 0;
		};
		08FDF37F2A6C3F6D00BB8987 /* Resources */ = {
			isa = PBXResourcesBuildPhase;
			buildActionMask = 2147483647;
			files = (
			);
			runOnlyForDeploymentPostprocessing = 0;
		};
/* End PBXResourcesBuildPhase section */

/* Begin PBXSourcesBuildPhase section */
		08FDF35E2A6C3F6800BB8987 /* Sources */ = {
			isa = PBXSourcesBuildPhase;
			buildActionMask = 2147483647;
			files = (
				0874AFFF2A6E91EE00879D8F /* CourseIcon.swift in Sources */,
				084F18282A728BF900BC25CC /* NavigationToArticleButton.swift in Sources */,
				084F17F62A6FEF1F00BC25CC /* TechnosLabel.swift in Sources */,
				0874AFEB2A6D3E3500879D8F /* ValidateButton.swift in Sources */,
				0874AFF82A6D65E900879D8F /* WelcomeViewModel.swift in Sources */,
				0874B0152A6EF90600879D8F /* SettingsLabel.swift in Sources */,
				08CD22FF2A794E7E007A0334 /* CodeBlockView.swift in Sources */,
				0874AFF52A6D5F0300879D8F /* HomeViewModel.swift in Sources */,
				084F180A2A71552100BC25CC /* TermsOfService.swift in Sources */,
				0874AFFD2A6E91BF00879D8F /* CourseLabelRectangle.swift in Sources */,
				0874AFE82A6D37B700879D8F /* WelcomeView.swift in Sources */,
				084F183C2A72C09600BC25CC /* NavigationToCourse.swift in Sources */,
				08FDF3722A6C3F6C00BB8987 /* SwiftiDataModel.xcdatamodeld in Sources */,
				084F18242A71A10800BC25CC /* Gradient.swift in Sources */,
				08CD22FD2A794B83007A0334 /* ParserResult.swift in Sources */,
				084F181A2A71660D00BC25CC /* Article+Decodable.swift in Sources */,
				084F18312A72B5DC00BC25CC /* CourseView.swift in Sources */,
				08FDF3662A6C3F6800BB8987 /* SwiftiApp.swift in Sources */,
				0874B00C2A6EF63500879D8F /* SettingsViewModel.swift in Sources */,
				084F18022A70022B00BC25CC /* OptionButton.swift in Sources */,
				0874B0012A6EB13E00879D8F /* CourseLabelSquare.swift in Sources */,
				084F181C2A71663A00BC25CC /* ArticlesViewModel.swift in Sources */,
				084F18072A7154BC00BC25CC /* TermsSection.swift in Sources */,
				084F180E2A71569F00BC25CC /* PrivacyPolicyView.swift in Sources */,
				0874B0092A6EEE0000879D8F /* SettingsView.swift in Sources */,
				0874B0052A6EE25000879D8F /* Settings.swift in Sources */,
				084F18222A7182D800BC25CC /* ImageView.swift in Sources */,
				0874B0182A6FEAAD00879D8F /* AboutUsView.swift in Sources */,
				084F18262A72829000BC25CC /* NavigationToArticle.swift in Sources */,
				0874B0112A6EF6BF00879D8F /* Notification.swift in Sources */,
				084F18142A715F0900BC25CC /* ArticlesView.swift in Sources */,
				084F181E2A716C7700BC25CC /* InformationLabel.swift in Sources */,
				0874AFED2A6D468500879D8F /* DataController.swift in Sources */,
				084F18352A72BCFF00BC25CC /* Course+Decodable.swift in Sources */,
				084F18202A71807A00BC25CC /* ArticlesLabel.swift in Sources */,
				0874AFF22A6D5E8100879D8F /* HomeView.swift in Sources */,
				084F17F92A6FEFF400BC25CC /* LinkButton.swift in Sources */,
				0874B00F2A6EF68900879D8F /* AppSettings.swift in Sources */,
				08FDF39C2A6C412900BB8987 /* LaunchScreenView.swift in Sources */,
				0874AFFA2A6DD97B00879D8F /* SearchBar.swift in Sources */,
				084F18372A72BD3800BC25CC /* CourseViewModel.swift in Sources */,
				084F17FB2A6FF02F00BC25CC /* SafariRepresentable.swift in Sources */,
				08CD22FB2A79497F007A0334 /* MarkdownAttributedStringParser.swift in Sources */,
				08FDF39E2A6C4B3C00BB8987 /* Style.swift in Sources */,
			);
			runOnlyForDeploymentPostprocessing = 0;
		};
		08FDF3732A6C3F6D00BB8987 /* Sources */ = {
			isa = PBXSourcesBuildPhase;
			buildActionMask = 2147483647;
			files = (
				08FDF37C2A6C3F6D00BB8987 /* SwiftiTests.swift in Sources */,
			);
			runOnlyForDeploymentPostprocessing = 0;
		};
		08FDF37D2A6C3F6D00BB8987 /* Sources */ = {
			isa = PBXSourcesBuildPhase;
			buildActionMask = 2147483647;
			files = (
				08FDF3882A6C3F6D00BB8987 /* SwiftiUITestsLaunchTests.swift in Sources */,
				08FDF3862A6C3F6D00BB8987 /* SwiftiUITests.swift in Sources */,
			);
			runOnlyForDeploymentPostprocessing = 0;
		};
/* End PBXSourcesBuildPhase section */

/* Begin PBXTargetDependency section */
		08FDF3792A6C3F6D00BB8987 /* PBXTargetDependency */ = {
			isa = PBXTargetDependency;
			target = 08FDF3612A6C3F6800BB8987 /* Swifti */;
			targetProxy = 08FDF3782A6C3F6D00BB8987 /* PBXContainerItemProxy */;
		};
		08FDF3832A6C3F6D00BB8987 /* PBXTargetDependency */ = {
			isa = PBXTargetDependency;
			target = 08FDF3612A6C3F6800BB8987 /* Swifti */;
			targetProxy = 08FDF3822A6C3F6D00BB8987 /* PBXContainerItemProxy */;
		};
/* End PBXTargetDependency section */

/* Begin XCBuildConfiguration section */
		08FDF3892A6C3F6D00BB8987 /* Debug */ = {
			isa = XCBuildConfiguration;
			buildSettings = {
				ALWAYS_SEARCH_USER_PATHS = NO;
				CLANG_ANALYZER_NONNULL = YES;
				CLANG_ANALYZER_NUMBER_OBJECT_CONVERSION = YES_AGGRESSIVE;
				CLANG_CXX_LANGUAGE_STANDARD = "gnu++20";
				CLANG_ENABLE_MODULES = YES;
				CLANG_ENABLE_OBJC_ARC = YES;
				CLANG_ENABLE_OBJC_WEAK = YES;
				CLANG_WARN_BLOCK_CAPTURE_AUTORELEASING = YES;
				CLANG_WARN_BOOL_CONVERSION = YES;
				CLANG_WARN_COMMA = YES;
				CLANG_WARN_CONSTANT_CONVERSION = YES;
				CLANG_WARN_DEPRECATED_OBJC_IMPLEMENTATIONS = YES;
				CLANG_WARN_DIRECT_OBJC_ISA_USAGE = YES_ERROR;
				CLANG_WARN_DOCUMENTATION_COMMENTS = YES;
				CLANG_WARN_EMPTY_BODY = YES;
				CLANG_WARN_ENUM_CONVERSION = YES;
				CLANG_WARN_INFINITE_RECURSION = YES;
				CLANG_WARN_INT_CONVERSION = YES;
				CLANG_WARN_NON_LITERAL_NULL_CONVERSION = YES;
				CLANG_WARN_OBJC_IMPLICIT_RETAIN_SELF = YES;
				CLANG_WARN_OBJC_LITERAL_CONVERSION = YES;
				CLANG_WARN_OBJC_ROOT_CLASS = YES_ERROR;
				CLANG_WARN_QUOTED_INCLUDE_IN_FRAMEWORK_HEADER = YES;
				CLANG_WARN_RANGE_LOOP_ANALYSIS = YES;
				CLANG_WARN_STRICT_PROTOTYPES = YES;
				CLANG_WARN_SUSPICIOUS_MOVE = YES;
				CLANG_WARN_UNGUARDED_AVAILABILITY = YES_AGGRESSIVE;
				CLANG_WARN_UNREACHABLE_CODE = YES;
				CLANG_WARN__DUPLICATE_METHOD_MATCH = YES;
				COPY_PHASE_STRIP = NO;
				DEBUG_INFORMATION_FORMAT = dwarf;
				ENABLE_STRICT_OBJC_MSGSEND = YES;
				ENABLE_TESTABILITY = YES;
				GCC_C_LANGUAGE_STANDARD = gnu11;
				GCC_DYNAMIC_NO_PIC = NO;
				GCC_NO_COMMON_BLOCKS = YES;
				GCC_OPTIMIZATION_LEVEL = 0;
				GCC_PREPROCESSOR_DEFINITIONS = (
					"DEBUG=1",
					"$(inherited)",
				);
				GCC_WARN_64_TO_32_BIT_CONVERSION = YES;
				GCC_WARN_ABOUT_RETURN_TYPE = YES_ERROR;
				GCC_WARN_UNDECLARED_SELECTOR = YES;
				GCC_WARN_UNINITIALIZED_AUTOS = YES_AGGRESSIVE;
				GCC_WARN_UNUSED_FUNCTION = YES;
				GCC_WARN_UNUSED_VARIABLE = YES;
				IPHONEOS_DEPLOYMENT_TARGET = 16.0;
				MTL_ENABLE_DEBUG_INFO = INCLUDE_SOURCE;
				MTL_FAST_MATH = YES;
				ONLY_ACTIVE_ARCH = YES;
				SDKROOT = iphoneos;
				SWIFT_ACTIVE_COMPILATION_CONDITIONS = DEBUG;
				SWIFT_OPTIMIZATION_LEVEL = "-Onone";
			};
			name = Debug;
		};
		08FDF38A2A6C3F6D00BB8987 /* Release */ = {
			isa = XCBuildConfiguration;
			buildSettings = {
				ALWAYS_SEARCH_USER_PATHS = NO;
				CLANG_ANALYZER_NONNULL = YES;
				CLANG_ANALYZER_NUMBER_OBJECT_CONVERSION = YES_AGGRESSIVE;
				CLANG_CXX_LANGUAGE_STANDARD = "gnu++20";
				CLANG_ENABLE_MODULES = YES;
				CLANG_ENABLE_OBJC_ARC = YES;
				CLANG_ENABLE_OBJC_WEAK = YES;
				CLANG_WARN_BLOCK_CAPTURE_AUTORELEASING = YES;
				CLANG_WARN_BOOL_CONVERSION = YES;
				CLANG_WARN_COMMA = YES;
				CLANG_WARN_CONSTANT_CONVERSION = YES;
				CLANG_WARN_DEPRECATED_OBJC_IMPLEMENTATIONS = YES;
				CLANG_WARN_DIRECT_OBJC_ISA_USAGE = YES_ERROR;
				CLANG_WARN_DOCUMENTATION_COMMENTS = YES;
				CLANG_WARN_EMPTY_BODY = YES;
				CLANG_WARN_ENUM_CONVERSION = YES;
				CLANG_WARN_INFINITE_RECURSION = YES;
				CLANG_WARN_INT_CONVERSION = YES;
				CLANG_WARN_NON_LITERAL_NULL_CONVERSION = YES;
				CLANG_WARN_OBJC_IMPLICIT_RETAIN_SELF = YES;
				CLANG_WARN_OBJC_LITERAL_CONVERSION = YES;
				CLANG_WARN_OBJC_ROOT_CLASS = YES_ERROR;
				CLANG_WARN_QUOTED_INCLUDE_IN_FRAMEWORK_HEADER = YES;
				CLANG_WARN_RANGE_LOOP_ANALYSIS = YES;
				CLANG_WARN_STRICT_PROTOTYPES = YES;
				CLANG_WARN_SUSPICIOUS_MOVE = YES;
				CLANG_WARN_UNGUARDED_AVAILABILITY = YES_AGGRESSIVE;
				CLANG_WARN_UNREACHABLE_CODE = YES;
				CLANG_WARN__DUPLICATE_METHOD_MATCH = YES;
				COPY_PHASE_STRIP = NO;
				DEBUG_INFORMATION_FORMAT = "dwarf-with-dsym";
				ENABLE_NS_ASSERTIONS = NO;
				ENABLE_STRICT_OBJC_MSGSEND = YES;
				GCC_C_LANGUAGE_STANDARD = gnu11;
				GCC_NO_COMMON_BLOCKS = YES;
				GCC_WARN_64_TO_32_BIT_CONVERSION = YES;
				GCC_WARN_ABOUT_RETURN_TYPE = YES_ERROR;
				GCC_WARN_UNDECLARED_SELECTOR = YES;
				GCC_WARN_UNINITIALIZED_AUTOS = YES_AGGRESSIVE;
				GCC_WARN_UNUSED_FUNCTION = YES;
				GCC_WARN_UNUSED_VARIABLE = YES;
				IPHONEOS_DEPLOYMENT_TARGET = 16.0;
				MTL_ENABLE_DEBUG_INFO = NO;
				MTL_FAST_MATH = YES;
				SDKROOT = iphoneos;
				SWIFT_COMPILATION_MODE = wholemodule;
				SWIFT_OPTIMIZATION_LEVEL = "-O";
				VALIDATE_PRODUCT = YES;
			};
			name = Release;
		};
		08FDF38C2A6C3F6D00BB8987 /* Debug */ = {
			isa = XCBuildConfiguration;
			buildSettings = {
				ASSETCATALOG_COMPILER_APPICON_NAME = AppIcon;
				ASSETCATALOG_COMPILER_GLOBAL_ACCENT_COLOR_NAME = AccentColor;
				CODE_SIGN_STYLE = Automatic;
				CURRENT_PROJECT_VERSION = 1;
				DEVELOPMENT_ASSET_PATHS = "\"Swifti/Preview Content\"";
				DEVELOPMENT_TEAM = MC9L8ULM7A;
				ENABLE_PREVIEWS = YES;
				GENERATE_INFOPLIST_FILE = YES;
				INFOPLIST_FILE = Swifti/Application/Info.plist;
				INFOPLIST_KEY_LSApplicationCategoryType = "public.app-category.education";
				INFOPLIST_KEY_UIApplicationSceneManifest_Generation = YES;
				INFOPLIST_KEY_UIApplicationSupportsIndirectInputEvents = YES;
				INFOPLIST_KEY_UILaunchScreen_Generation = YES;
				INFOPLIST_KEY_UIStatusBarStyle = UIStatusBarStyleDarkContent;
				INFOPLIST_KEY_UISupportedInterfaceOrientations = UIInterfaceOrientationPortrait;
				LD_RUNPATH_SEARCH_PATHS = (
					"$(inherited)",
					"@executable_path/Frameworks",
				);
				MARKETING_VERSION = 1.0;
				PRODUCT_BUNDLE_IDENTIFIER = OpenClassrooms.Swifti;
				PRODUCT_NAME = "$(TARGET_NAME)";
				SWIFT_EMIT_LOC_STRINGS = YES;
				SWIFT_VERSION = 5.0;
				TARGETED_DEVICE_FAMILY = "1,2";
			};
			name = Debug;
		};
		08FDF38D2A6C3F6D00BB8987 /* Release */ = {
			isa = XCBuildConfiguration;
			buildSettings = {
				ASSETCATALOG_COMPILER_APPICON_NAME = AppIcon;
				ASSETCATALOG_COMPILER_GLOBAL_ACCENT_COLOR_NAME = AccentColor;
				CODE_SIGN_STYLE = Automatic;
				CURRENT_PROJECT_VERSION = 1;
				DEVELOPMENT_ASSET_PATHS = "\"Swifti/Preview Content\"";
				DEVELOPMENT_TEAM = MC9L8ULM7A;
				ENABLE_PREVIEWS = YES;
				GENERATE_INFOPLIST_FILE = YES;
				INFOPLIST_FILE = Swifti/Application/Info.plist;
				INFOPLIST_KEY_LSApplicationCategoryType = "public.app-category.education";
				INFOPLIST_KEY_UIApplicationSceneManifest_Generation = YES;
				INFOPLIST_KEY_UIApplicationSupportsIndirectInputEvents = YES;
				INFOPLIST_KEY_UILaunchScreen_Generation = YES;
				INFOPLIST_KEY_UIStatusBarStyle = UIStatusBarStyleDarkContent;
				INFOPLIST_KEY_UISupportedInterfaceOrientations = UIInterfaceOrientationPortrait;
				LD_RUNPATH_SEARCH_PATHS = (
					"$(inherited)",
					"@executable_path/Frameworks",
				);
				MARKETING_VERSION = 1.0;
				PRODUCT_BUNDLE_IDENTIFIER = OpenClassrooms.Swifti;
				PRODUCT_NAME = "$(TARGET_NAME)";
				SWIFT_EMIT_LOC_STRINGS = YES;
				SWIFT_VERSION = 5.0;
				TARGETED_DEVICE_FAMILY = "1,2";
			};
			name = Release;
		};
		08FDF38F2A6C3F6D00BB8987 /* Debug */ = {
			isa = XCBuildConfiguration;
			buildSettings = {
				ALWAYS_EMBED_SWIFT_STANDARD_LIBRARIES = YES;
				BUNDLE_LOADER = "$(TEST_HOST)";
				CODE_SIGN_STYLE = Automatic;
				CURRENT_PROJECT_VERSION = 1;
				DEVELOPMENT_TEAM = MC9L8ULM7A;
				GENERATE_INFOPLIST_FILE = YES;
				IPHONEOS_DEPLOYMENT_TARGET = 16.0;
				MARKETING_VERSION = 1.0;
				PRODUCT_BUNDLE_IDENTIFIER = OpenClassrooms.SwiftiTests;
				PRODUCT_NAME = "$(TARGET_NAME)";
				SWIFT_EMIT_LOC_STRINGS = NO;
				SWIFT_VERSION = 5.0;
				TARGETED_DEVICE_FAMILY = "1,2";
				TEST_HOST = "$(BUILT_PRODUCTS_DIR)/Swifti.app/$(BUNDLE_EXECUTABLE_FOLDER_PATH)/Swifti";
			};
			name = Debug;
		};
		08FDF3902A6C3F6D00BB8987 /* Release */ = {
			isa = XCBuildConfiguration;
			buildSettings = {
				ALWAYS_EMBED_SWIFT_STANDARD_LIBRARIES = YES;
				BUNDLE_LOADER = "$(TEST_HOST)";
				CODE_SIGN_STYLE = Automatic;
				CURRENT_PROJECT_VERSION = 1;
				DEVELOPMENT_TEAM = MC9L8ULM7A;
				GENERATE_INFOPLIST_FILE = YES;
				IPHONEOS_DEPLOYMENT_TARGET = 16.0;
				MARKETING_VERSION = 1.0;
				PRODUCT_BUNDLE_IDENTIFIER = OpenClassrooms.SwiftiTests;
				PRODUCT_NAME = "$(TARGET_NAME)";
				SWIFT_EMIT_LOC_STRINGS = NO;
				SWIFT_VERSION = 5.0;
				TARGETED_DEVICE_FAMILY = "1,2";
				TEST_HOST = "$(BUILT_PRODUCTS_DIR)/Swifti.app/$(BUNDLE_EXECUTABLE_FOLDER_PATH)/Swifti";
			};
			name = Release;
		};
		08FDF3922A6C3F6D00BB8987 /* Debug */ = {
			isa = XCBuildConfiguration;
			buildSettings = {
				ALWAYS_EMBED_SWIFT_STANDARD_LIBRARIES = YES;
				CODE_SIGN_STYLE = Automatic;
				CURRENT_PROJECT_VERSION = 1;
				DEVELOPMENT_TEAM = MC9L8ULM7A;
				GENERATE_INFOPLIST_FILE = YES;
				MARKETING_VERSION = 1.0;
				PRODUCT_BUNDLE_IDENTIFIER = OpenClassrooms.SwiftiUITests;
				PRODUCT_NAME = "$(TARGET_NAME)";
				SWIFT_EMIT_LOC_STRINGS = NO;
				SWIFT_VERSION = 5.0;
				TARGETED_DEVICE_FAMILY = "1,2";
				TEST_TARGET_NAME = Swifti;
			};
			name = Debug;
		};
		08FDF3932A6C3F6D00BB8987 /* Release */ = {
			isa = XCBuildConfiguration;
			buildSettings = {
				ALWAYS_EMBED_SWIFT_STANDARD_LIBRARIES = YES;
				CODE_SIGN_STYLE = Automatic;
				CURRENT_PROJECT_VERSION = 1;
				DEVELOPMENT_TEAM = MC9L8ULM7A;
				GENERATE_INFOPLIST_FILE = YES;
				MARKETING_VERSION = 1.0;
				PRODUCT_BUNDLE_IDENTIFIER = OpenClassrooms.SwiftiUITests;
				PRODUCT_NAME = "$(TARGET_NAME)";
				SWIFT_EMIT_LOC_STRINGS = NO;
				SWIFT_VERSION = 5.0;
				TARGETED_DEVICE_FAMILY = "1,2";
				TEST_TARGET_NAME = Swifti;
			};
			name = Release;
		};
/* End XCBuildConfiguration section */

/* Begin XCConfigurationList section */
		08FDF35D2A6C3F6800BB8987 /* Build configuration list for PBXProject "Swifti" */ = {
			isa = XCConfigurationList;
			buildConfigurations = (
				08FDF3892A6C3F6D00BB8987 /* Debug */,
				08FDF38A2A6C3F6D00BB8987 /* Release */,
			);
			defaultConfigurationIsVisible = 0;
			defaultConfigurationName = Release;
		};
		08FDF38B2A6C3F6D00BB8987 /* Build configuration list for PBXNativeTarget "Swifti" */ = {
			isa = XCConfigurationList;
			buildConfigurations = (
				08FDF38C2A6C3F6D00BB8987 /* Debug */,
				08FDF38D2A6C3F6D00BB8987 /* Release */,
			);
			defaultConfigurationIsVisible = 0;
			defaultConfigurationName = Release;
		};
		08FDF38E2A6C3F6D00BB8987 /* Build configuration list for PBXNativeTarget "SwiftiTests" */ = {
			isa = XCConfigurationList;
			buildConfigurations = (
				08FDF38F2A6C3F6D00BB8987 /* Debug */,
				08FDF3902A6C3F6D00BB8987 /* Release */,
			);
			defaultConfigurationIsVisible = 0;
			defaultConfigurationName = Release;
		};
		08FDF3912A6C3F6D00BB8987 /* Build configuration list for PBXNativeTarget "SwiftiUITests" */ = {
			isa = XCConfigurationList;
			buildConfigurations = (
				08FDF3922A6C3F6D00BB8987 /* Debug */,
				08FDF3932A6C3F6D00BB8987 /* Release */,
			);
			defaultConfigurationIsVisible = 0;
			defaultConfigurationName = Release;
		};
/* End XCConfigurationList section */

/* Begin XCRemoteSwiftPackageReference section */
		084F17FE2A7001C800BC25CC /* XCRemoteSwiftPackageReference "WrappingHStack" */ = {
			isa = XCRemoteSwiftPackageReference;
			repositoryURL = "https://github.com/dkk/WrappingHStack";
			requirement = {
				kind = upToNextMajorVersion;
				minimumVersion = 2.0.0;
			};
		};
		08CD22F02A794849007A0334 /* XCRemoteSwiftPackageReference "swift-markdown" */ = {
			isa = XCRemoteSwiftPackageReference;
			repositoryURL = "https://github.com/apple/swift-markdown";
			requirement = {
				kind = upToNextMajorVersion;
				minimumVersion = 0.2.0;
			};
		};
		08CD22F32A794890007A0334 /* XCRemoteSwiftPackageReference "Highlightr" */ = {
			isa = XCRemoteSwiftPackageReference;
			repositoryURL = "https://github.com/raspu/Highlightr";
			requirement = {
				kind = upToNextMajorVersion;
				minimumVersion = 2.0.0;
			};
		};
/* End XCRemoteSwiftPackageReference section */

/* Begin XCSwiftPackageProductDependency section */
		084F17FF2A7001C800BC25CC /* WrappingHStack */ = {
			isa = XCSwiftPackageProductDependency;
			package = 084F17FE2A7001C800BC25CC /* XCRemoteSwiftPackageReference "WrappingHStack" */;
			productName = WrappingHStack;
		};
		08CD22F12A794849007A0334 /* Markdown */ = {
			isa = XCSwiftPackageProductDependency;
			package = 08CD22F02A794849007A0334 /* XCRemoteSwiftPackageReference "swift-markdown" */;
			productName = Markdown;
		};
		08CD22F42A794890007A0334 /* Highlightr */ = {
			isa = XCSwiftPackageProductDependency;
			package = 08CD22F32A794890007A0334 /* XCRemoteSwiftPackageReference "Highlightr" */;
			productName = Highlightr;
		};
/* End XCSwiftPackageProductDependency section */

/* Begin XCVersionGroup section */
		08FDF3702A6C3F6C00BB8987 /* SwiftiDataModel.xcdatamodeld */ = {
			isa = XCVersionGroup;
			children = (
				08FDF3712A6C3F6C00BB8987 /* Swifti.xcdatamodel */,
			);
			currentVersion = 08FDF3712A6C3F6C00BB8987 /* Swifti.xcdatamodel */;
			path = SwiftiDataModel.xcdatamodeld;
			sourceTree = "<group>";
			versionGroupType = wrapper.xcdatamodel;
		};
/* End XCVersionGroup section */
	};
	rootObject = 08FDF35A2A6C3F6800BB8987 /* Project object */;
}
