// !$*UTF8*$!
{
	archiveVersion = 1;
	classes = {
	};
	objectVersion = 56;
	objects = {

/* Begin PBXBuildFile section */
		0874AFDF2A6C8D0400879D8F /* Poppins-Light.ttf in Resources */ = {isa = PBXBuildFile; fileRef = 0874AFDA2A6C8D0300879D8F /* Poppins-Light.ttf */; };
		0874AFE02A6C8D0400879D8F /* Poppins-Medium.ttf in Resources */ = {isa = PBXBuildFile; fileRef = 0874AFDB2A6C8D0300879D8F /* Poppins-Medium.ttf */; };
		0874AFE12A6C8D0400879D8F /* Poppins-Regular.ttf in Resources */ = {isa = PBXBuildFile; fileRef = 0874AFDC2A6C8D0300879D8F /* Poppins-Regular.ttf */; };
		0874AFE22A6C8D0400879D8F /* Poppins-Bold.ttf in Resources */ = {isa = PBXBuildFile; fileRef = 0874AFDD2A6C8D0400879D8F /* Poppins-Bold.ttf */; };
		0874AFE32A6C8D0400879D8F /* Poppins-SemiBold.ttf in Resources */ = {isa = PBXBuildFile; fileRef = 0874AFDE2A6C8D0400879D8F /* Poppins-SemiBold.ttf */; };
		0874AFE82A6D37B700879D8F /* WelcomeView.swift in Sources */ = {isa = PBXBuildFile; fileRef = 0874AFE72A6D37B700879D8F /* WelcomeView.swift */; };
		0874AFEB2A6D3E3500879D8F /* ValidateButton.swift in Sources */ = {isa = PBXBuildFile; fileRef = 0874AFEA2A6D3E3500879D8F /* ValidateButton.swift */; };
		08FDF3662A6C3F6800BB8987 /* SwiftiApp.swift in Sources */ = {isa = PBXBuildFile; fileRef = 08FDF3652A6C3F6800BB8987 /* SwiftiApp.swift */; };
		08FDF36A2A6C3F6C00BB8987 /* Assets.xcassets in Resources */ = {isa = PBXBuildFile; fileRef = 08FDF3692A6C3F6C00BB8987 /* Assets.xcassets */; };
		08FDF36D2A6C3F6C00BB8987 /* Preview Assets.xcassets in Resources */ = {isa = PBXBuildFile; fileRef = 08FDF36C2A6C3F6C00BB8987 /* Preview Assets.xcassets */; };
		08FDF36F2A6C3F6C00BB8987 /* Persistence.swift in Sources */ = {isa = PBXBuildFile; fileRef = 08FDF36E2A6C3F6C00BB8987 /* Persistence.swift */; };
		08FDF3722A6C3F6C00BB8987 /* SwiftiDataModel.xcdatamodeld in Sources */ = {isa = PBXBuildFile; fileRef = 08FDF3702A6C3F6C00BB8987 /* SwiftiDataModel.xcdatamodeld */; };
		08FDF37C2A6C3F6D00BB8987 /* SwiftiTests.swift in Sources */ = {isa = PBXBuildFile; fileRef = 08FDF37B2A6C3F6D00BB8987 /* SwiftiTests.swift */; };
		08FDF3862A6C3F6D00BB8987 /* SwiftiUITests.swift in Sources */ = {isa = PBXBuildFile; fileRef = 08FDF3852A6C3F6D00BB8987 /* SwiftiUITests.swift */; };
		08FDF3882A6C3F6D00BB8987 /* SwiftiUITestsLaunchTests.swift in Sources */ = {isa = PBXBuildFile; fileRef = 08FDF3872A6C3F6D00BB8987 /* SwiftiUITestsLaunchTests.swift */; };
		08FDF39C2A6C412900BB8987 /* LaunchScreenView.swift in Sources */ = {isa = PBXBuildFile; fileRef = 08FDF39B2A6C412900BB8987 /* LaunchScreenView.swift */; };
		08FDF39E2A6C4B3C00BB8987 /* Style.swift in Sources */ = {isa = PBXBuildFile; fileRef = 08FDF39D2A6C4B3C00BB8987 /* Style.swift */; };
/* End PBXBuildFile section */

/* Begin PBXContainerItemProxy section */
		08FDF3782A6C3F6D00BB8987 /* PBXContainerItemProxy */ = {
			isa = PBXContainerItemProxy;
			containerPortal = 08FDF35A2A6C3F6800BB8987 /* Project object */;
			proxyType = 1;
			remoteGlobalIDString = 08FDF3612A6C3F6800BB8987;
			remoteInfo = Swifti;
		};
		08FDF3822A6C3F6D00BB8987 /* PBXContainerItemProxy */ = {
			isa = PBXContainerItemProxy;
			containerPortal = 08FDF35A2A6C3F6800BB8987 /* Project object */;
			proxyType = 1;
			remoteGlobalIDString = 08FDF3612A6C3F6800BB8987;
			remoteInfo = Swifti;
		};
/* End PBXContainerItemProxy section */

/* Begin PBXFileReference section */
		0874AFDA2A6C8D0300879D8F /* Poppins-Light.ttf */ = {isa = PBXFileReference; lastKnownFileType = file; path = "Poppins-Light.ttf"; sourceTree = "<group>"; };
		0874AFDB2A6C8D0300879D8F /* Poppins-Medium.ttf */ = {isa = PBXFileReference; lastKnownFileType = file; path = "Poppins-Medium.ttf"; sourceTree = "<group>"; };
		0874AFDC2A6C8D0300879D8F /* Poppins-Regular.ttf */ = {isa = PBXFileReference; lastKnownFileType = file; path = "Poppins-Regular.ttf"; sourceTree = "<group>"; };
		0874AFDD2A6C8D0400879D8F /* Poppins-Bold.ttf */ = {isa = PBXFileReference; lastKnownFileType = file; path = "Poppins-Bold.ttf"; sourceTree = "<group>"; };
		0874AFDE2A6C8D0400879D8F /* Poppins-SemiBold.ttf */ = {isa = PBXFileReference; lastKnownFileType = file; path = "Poppins-SemiBold.ttf"; sourceTree = "<group>"; };
		0874AFE42A6C8E1E00879D8F /* Info.plist */ = {isa = PBXFileReference; lastKnownFileType = text.plist.xml; path = Info.plist; sourceTree = "<group>"; };
		0874AFE72A6D37B700879D8F /* WelcomeView.swift */ = {isa = PBXFileReference; lastKnownFileType = sourcecode.swift; path = WelcomeView.swift; sourceTree = "<group>"; };
		0874AFEA2A6D3E3500879D8F /* ValidateButton.swift */ = {isa = PBXFileReference; lastKnownFileType = sourcecode.swift; path = ValidateButton.swift; sourceTree = "<group>"; };
		08FDF3622A6C3F6800BB8987 /* Swifti.app */ = {isa = PBXFileReference; explicitFileType = wrapper.application; includeInIndex = 0; path = Swifti.app; sourceTree = BUILT_PRODUCTS_DIR; };
		08FDF3652A6C3F6800BB8987 /* SwiftiApp.swift */ = {isa = PBXFileReference; lastKnownFileType = sourcecode.swift; path = SwiftiApp.swift; sourceTree = "<group>"; };
		08FDF3692A6C3F6C00BB8987 /* Assets.xcassets */ = {isa = PBXFileReference; lastKnownFileType = folder.assetcatalog; path = Assets.xcassets; sourceTree = "<group>"; };
		08FDF36C2A6C3F6C00BB8987 /* Preview Assets.xcassets */ = {isa = PBXFileReference; lastKnownFileType = folder.assetcatalog; path = "Preview Assets.xcassets"; sourceTree = "<group>"; };
		08FDF36E2A6C3F6C00BB8987 /* Persistence.swift */ = {isa = PBXFileReference; lastKnownFileType = sourcecode.swift; path = Persistence.swift; sourceTree = "<group>"; };
		08FDF3712A6C3F6C00BB8987 /* Swifti.xcdatamodel */ = {isa = PBXFileReference; lastKnownFileType = wrapper.xcdatamodel; path = Swifti.xcdatamodel; sourceTree = "<group>"; };
		08FDF3772A6C3F6D00BB8987 /* SwiftiTests.xctest */ = {isa = PBXFileReference; explicitFileType = wrapper.cfbundle; includeInIndex = 0; path = SwiftiTests.xctest; sourceTree = BUILT_PRODUCTS_DIR; };
		08FDF37B2A6C3F6D00BB8987 /* SwiftiTests.swift */ = {isa = PBXFileReference; lastKnownFileType = sourcecode.swift; path = SwiftiTests.swift; sourceTree = "<group>"; };
		08FDF3812A6C3F6D00BB8987 /* SwiftiUITests.xctest */ = {isa = PBXFileReference; explicitFileType = wrapper.cfbundle; includeInIndex = 0; path = SwiftiUITests.xctest; sourceTree = BUILT_PRODUCTS_DIR; };
		08FDF3852A6C3F6D00BB8987 /* SwiftiUITests.swift */ = {isa = PBXFileReference; lastKnownFileType = sourcecode.swift; path = SwiftiUITests.swift; sourceTree = "<group>"; };
		08FDF3872A6C3F6D00BB8987 /* SwiftiUITestsLaunchTests.swift */ = {isa = PBXFileReference; lastKnownFileType = sourcecode.swift; path = SwiftiUITestsLaunchTests.swift; sourceTree = "<group>"; };
		08FDF39B2A6C412900BB8987 /* LaunchScreenView.swift */ = {isa = PBXFileReference; lastKnownFileType = sourcecode.swift; path = LaunchScreenView.swift; sourceTree = "<group>"; };
		08FDF39D2A6C4B3C00BB8987 /* Style.swift */ = {isa = PBXFileReference; lastKnownFileType = sourcecode.swift; path = Style.swift; sourceTree = "<group>"; };
/* End PBXFileReference section */

/* Begin PBXFrameworksBuildPhase section */
		08FDF35F2A6C3F6800BB8987 /* Frameworks */ = {
			isa = PBXFrameworksBuildPhase;
			buildActionMask = 2147483647;
			files = (
			);
			runOnlyForDeploymentPostprocessing = 0;
		};
		08FDF3742A6C3F6D00BB8987 /* Frameworks */ = {
			isa = PBXFrameworksBuildPhase;
			buildActionMask = 2147483647;
			files = (
			);
			runOnlyForDeploymentPostprocessing = 0;
		};
		08FDF37E2A6C3F6D00BB8987 /* Frameworks */ = {
			isa = PBXFrameworksBuildPhase;
			buildActionMask = 2147483647;
			files = (
			);
			runOnlyForDeploymentPostprocessing = 0;
		};
/* End PBXFrameworksBuildPhase section */

/* Begin PBXGroup section */
		0874AFD92A6C8C6B00879D8F /* Fonts */ = {
			isa = PBXGroup;
			children = (
				0874AFDA2A6C8D0300879D8F /* Poppins-Light.ttf */,
				0874AFDB2A6C8D0300879D8F /* Poppins-Medium.ttf */,
				0874AFDC2A6C8D0300879D8F /* Poppins-Regular.ttf */,
				0874AFDE2A6C8D0400879D8F /* Poppins-SemiBold.ttf */,
				0874AFDD2A6C8D0400879D8F /* Poppins-Bold.ttf */,
			);
			path = Fonts;
			sourceTree = "<group>";
		};
		0874AFE52A6D379300879D8F /* Welcome */ = {
			isa = PBXGroup;
			children = (
				0874AFE62A6D37A000879D8F /* View */,
			);
			path = Welcome;
			sourceTree = "<group>";
		};
		0874AFE62A6D37A000879D8F /* View */ = {
			isa = PBXGroup;
			children = (
				0874AFE72A6D37B700879D8F /* WelcomeView.swift */,
			);
			path = View;
			sourceTree = "<group>";
		};
		0874AFE92A6D3E1600879D8F /* Components */ = {
			isa = PBXGroup;
			children = (
				0874AFEA2A6D3E3500879D8F /* ValidateButton.swift */,
			);
			path = Components;
			sourceTree = "<group>";
		};
		08FDF3592A6C3F6800BB8987 = {
			isa = PBXGroup;
			children = (
				08FDF3642A6C3F6800BB8987 /* Swifti */,
				08FDF37A2A6C3F6D00BB8987 /* SwiftiTests */,
				08FDF3842A6C3F6D00BB8987 /* SwiftiUITests */,
				08FDF3632A6C3F6800BB8987 /* Products */,
			);
			sourceTree = "<group>";
		};
		08FDF3632A6C3F6800BB8987 /* Products */ = {
			isa = PBXGroup;
			children = (
				08FDF3622A6C3F6800BB8987 /* Swifti.app */,
				08FDF3772A6C3F6D00BB8987 /* SwiftiTests.xctest */,
				08FDF3812A6C3F6D00BB8987 /* SwiftiUITests.xctest */,
			);
			name = Products;
			sourceTree = "<group>";
		};
		08FDF3642A6C3F6800BB8987 /* Swifti */ = {
			isa = PBXGroup;
			children = (
				08FDF3972A6C40B300BB8987 /* Domain */,
				08FDF3962A6C406300BB8987 /* Application */,
				08FDF3942A6C404500BB8987 /* Presentation */,
				0874AFE92A6D3E1600879D8F /* Components */,
				08FDF3952A6C405600BB8987 /* Data */,
				08FDF3982A6C40BB00BB8987 /* Extensions */,
				08FDF36B2A6C3F6C00BB8987 /* Preview Content */,
			);
			path = Swifti;
			sourceTree = "<group>";
		};
		08FDF36B2A6C3F6C00BB8987 /* Preview Content */ = {
			isa = PBXGroup;
			children = (
				08FDF36C2A6C3F6C00BB8987 /* Preview Assets.xcassets */,
			);
			path = "Preview Content";
			sourceTree = "<group>";
		};
		08FDF37A2A6C3F6D00BB8987 /* SwiftiTests */ = {
			isa = PBXGroup;
			children = (
				08FDF37B2A6C3F6D00BB8987 /* SwiftiTests.swift */,
			);
			path = SwiftiTests;
			sourceTree = "<group>";
		};
		08FDF3842A6C3F6D00BB8987 /* SwiftiUITests */ = {
			isa = PBXGroup;
			children = (
				08FDF3852A6C3F6D00BB8987 /* SwiftiUITests.swift */,
				08FDF3872A6C3F6D00BB8987 /* SwiftiUITestsLaunchTests.swift */,
			);
			path = SwiftiUITests;
			sourceTree = "<group>";
		};
		08FDF3942A6C404500BB8987 /* Presentation */ = {
			isa = PBXGroup;
			children = (
				08FDF3992A6C411300BB8987 /* LaunchScreen */,
				0874AFE52A6D379300879D8F /* Welcome */,
			);
			path = Presentation;
			sourceTree = "<group>";
		};
		08FDF3952A6C405600BB8987 /* Data */ = {
			isa = PBXGroup;
			children = (
				08FDF3702A6C3F6C00BB8987 /* SwiftiDataModel.xcdatamodeld */,
				08FDF36E2A6C3F6C00BB8987 /* Persistence.swift */,
			);
			path = Data;
			sourceTree = "<group>";
		};
		08FDF3962A6C406300BB8987 /* Application */ = {
			isa = PBXGroup;
			children = (
				0874AFD92A6C8C6B00879D8F /* Fonts */,
				08FDF3692A6C3F6C00BB8987 /* Assets.xcassets */,
				08FDF3652A6C3F6800BB8987 /* SwiftiApp.swift */,
				0874AFE42A6C8E1E00879D8F /* Info.plist */,
			);
			path = Application;
			sourceTree = "<group>";
		};
		08FDF3972A6C40B300BB8987 /* Domain */ = {
			isa = PBXGroup;
			children = (
			);
			path = Domain;
			sourceTree = "<group>";
		};
		08FDF3982A6C40BB00BB8987 /* Extensions */ = {
			isa = PBXGroup;
			children = (
				08FDF39D2A6C4B3C00BB8987 /* Style.swift */,
			);
			path = Extensions;
			sourceTree = "<group>";
		};
		08FDF3992A6C411300BB8987 /* LaunchScreen */ = {
			isa = PBXGroup;
			children = (
				08FDF39A2A6C411B00BB8987 /* View */,
			);
			path = LaunchScreen;
			sourceTree = "<group>";
		};
		08FDF39A2A6C411B00BB8987 /* View */ = {
			isa = PBXGroup;
			children = (
				08FDF39B2A6C412900BB8987 /* LaunchScreenView.swift */,
			);
			path = View;
			sourceTree = "<group>";
		};
/* End PBXGroup section */

/* Begin PBXNativeTarget section */
		08FDF3612A6C3F6800BB8987 /* Swifti */ = {
			isa = PBXNativeTarget;
			buildConfigurationList = 08FDF38B2A6C3F6D00BB8987 /* Build configuration list for PBXNativeTarget "Swifti" */;
			buildPhases = (
				08FDF35E2A6C3F6800BB8987 /* Sources */,
				08FDF35F2A6C3F6800BB8987 /* Frameworks */,
				08FDF3602A6C3F6800BB8987 /* Resources */,
			);
			buildRules = (
			);
			dependencies = (
			);
			name = Swifti;
			productName = Swifti;
			productReference = 08FDF3622A6C3F6800BB8987 /* Swifti.app */;
			productType = "com.apple.product-type.application";
		};
		08FDF3762A6C3F6D00BB8987 /* SwiftiTests */ = {
			isa = PBXNativeTarget;
			buildConfigurationList = 08FDF38E2A6C3F6D00BB8987 /* Build configuration list for PBXNativeTarget "SwiftiTests" */;
			buildPhases = (
				08FDF3732A6C3F6D00BB8987 /* Sources */,
				08FDF3742A6C3F6D00BB8987 /* Frameworks */,
				08FDF3752A6C3F6D00BB8987 /* Resources */,
			);
			buildRules = (
			);
			dependencies = (
				08FDF3792A6C3F6D00BB8987 /* PBXTargetDependency */,
			);
			name = SwiftiTests;
			productName = SwiftiTests;
			productReference = 08FDF3772A6C3F6D00BB8987 /* SwiftiTests.xctest */;
			productType = "com.apple.product-type.bundle.unit-test";
		};
		08FDF3802A6C3F6D00BB8987 /* SwiftiUITests */ = {
			isa = PBXNativeTarget;
			buildConfigurationList = 08FDF3912A6C3F6D00BB8987 /* Build configuration list for PBXNativeTarget "SwiftiUITests" */;
			buildPhases = (
				08FDF37D2A6C3F6D00BB8987 /* Sources */,
				08FDF37E2A6C3F6D00BB8987 /* Frameworks */,
				08FDF37F2A6C3F6D00BB8987 /* Resources */,
			);
			buildRules = (
			);
			dependencies = (
				08FDF3832A6C3F6D00BB8987 /* PBXTargetDependency */,
			);
			name = SwiftiUITests;
			productName = SwiftiUITests;
			productReference = 08FDF3812A6C3F6D00BB8987 /* SwiftiUITests.xctest */;
			productType = "com.apple.product-type.bundle.ui-testing";
		};
/* End PBXNativeTarget section */

/* Begin PBXProject section */
		08FDF35A2A6C3F6800BB8987 /* Project object */ = {
			isa = PBXProject;
			attributes = {
				BuildIndependentTargetsInParallel = 1;
				LastSwiftUpdateCheck = 1400;
				LastUpgradeCheck = 1400;
				TargetAttributes = {
					08FDF3612A6C3F6800BB8987 = {
						CreatedOnToolsVersion = 14.0;
					};
					08FDF3762A6C3F6D00BB8987 = {
						CreatedOnToolsVersion = 14.0;
						TestTargetID = 08FDF3612A6C3F6800BB8987;
					};
					08FDF3802A6C3F6D00BB8987 = {
						CreatedOnToolsVersion = 14.0;
						TestTargetID = 08FDF3612A6C3F6800BB8987;
					};
				};
			};
			buildConfigurationList = 08FDF35D2A6C3F6800BB8987 /* Build configuration list for PBXProject "Swifti" */;
			compatibilityVersion = "Xcode 14.0";
			developmentRegion = en;
			hasScannedForEncodings = 0;
			knownRegions = (
				en,
				Base,
			);
			mainGroup = 08FDF3592A6C3F6800BB8987;
			productRefGroup = 08FDF3632A6C3F6800BB8987 /* Products */;
			projectDirPath = "";
			projectRoot = "";
			targets = (
				08FDF3612A6C3F6800BB8987 /* Swifti */,
				08FDF3762A6C3F6D00BB8987 /* SwiftiTests */,
				08FDF3802A6C3F6D00BB8987 /* SwiftiUITests */,
			);
		};
/* End PBXProject section */

/* Begin PBXResourcesBuildPhase section */
		08FDF3602A6C3F6800BB8987 /* Resources */ = {
			isa = PBXResourcesBuildPhase;
			buildActionMask = 2147483647;
			files = (
				08FDF36D2A6C3F6C00BB8987 /* Preview Assets.xcassets in Resources */,
				0874AFE32A6C8D0400879D8F /* Poppins-SemiBold.ttf in Resources */,
				0874AFE22A6C8D0400879D8F /* Poppins-Bold.ttf in Resources */,
				0874AFE02A6C8D0400879D8F /* Poppins-Medium.ttf in Resources */,
				0874AFDF2A6C8D0400879D8F /* Poppins-Light.ttf in Resources */,
				08FDF36A2A6C3F6C00BB8987 /* Assets.xcassets in Resources */,
				0874AFE12A6C8D0400879D8F /* Poppins-Regular.ttf in Resources */,
			);
			runOnlyForDeploymentPostprocessing = 0;
		};
		08FDF3752A6C3F6D00BB8987 /* Resources */ = {
			isa = PBXResourcesBuildPhase;
			buildActionMask = 2147483647;
			files = (
			);
			runOnlyForDeploymentPostprocessing = 0;
		};
		08FDF37F2A6C3F6D00BB8987 /* Resources */ = {
			isa = PBXResourcesBuildPhase;
			buildActionMask = 2147483647;
			files = (
			);
			runOnlyForDeploymentPostprocessing = 0;
		};
/* End PBXResourcesBuildPhase section */

/* Begin PBXSourcesBuildPhase section */
		08FDF35E2A6C3F6800BB8987 /* Sources */ = {
			isa = PBXSourcesBuildPhase;
			buildActionMask = 2147483647;
			files = (
				08FDF36F2A6C3F6C00BB8987 /* Persistence.swift in Sources */,
				0874AFEB2A6D3E3500879D8F /* ValidateButton.swift in Sources */,
				0874AFE82A6D37B700879D8F /* WelcomeView.swift in Sources */,
				08FDF3722A6C3F6C00BB8987 /* SwiftiDataModel.xcdatamodeld in Sources */,
				08FDF3662A6C3F6800BB8987 /* SwiftiApp.swift in Sources */,
				08FDF39C2A6C412900BB8987 /* LaunchScreenView.swift in Sources */,
				08FDF39E2A6C4B3C00BB8987 /* Style.swift in Sources */,
			);
			runOnlyForDeploymentPostprocessing = 0;
		};
		08FDF3732A6C3F6D00BB8987 /* Sources */ = {
			isa = PBXSourcesBuildPhase;
			buildActionMask = 2147483647;
			files = (
				08FDF37C2A6C3F6D00BB8987 /* SwiftiTests.swift in Sources */,
			);
			runOnlyForDeploymentPostprocessing = 0;
		};
		08FDF37D2A6C3F6D00BB8987 /* Sources */ = {
			isa = PBXSourcesBuildPhase;
			buildActionMask = 2147483647;
			files = (
				08FDF3882A6C3F6D00BB8987 /* SwiftiUITestsLaunchTests.swift in Sources */,
				08FDF3862A6C3F6D00BB8987 /* SwiftiUITests.swift in Sources */,
			);
			runOnlyForDeploymentPostprocessing = 0;
		};
/* End PBXSourcesBuildPhase section */

/* Begin PBXTargetDependency section */
		08FDF3792A6C3F6D00BB8987 /* PBXTargetDependency */ = {
			isa = PBXTargetDependency;
			target = 08FDF3612A6C3F6800BB8987 /* Swifti */;
			targetProxy = 08FDF3782A6C3F6D00BB8987 /* PBXContainerItemProxy */;
		};
		08FDF3832A6C3F6D00BB8987 /* PBXTargetDependency */ = {
			isa = PBXTargetDependency;
			target = 08FDF3612A6C3F6800BB8987 /* Swifti */;
			targetProxy = 08FDF3822A6C3F6D00BB8987 /* PBXContainerItemProxy */;
		};
/* End PBXTargetDependency section */

/* Begin XCBuildConfiguration section */
		08FDF3892A6C3F6D00BB8987 /* Debug */ = {
			isa = XCBuildConfiguration;
			buildSettings = {
				ALWAYS_SEARCH_USER_PATHS = NO;
				CLANG_ANALYZER_NONNULL = YES;
				CLANG_ANALYZER_NUMBER_OBJECT_CONVERSION = YES_AGGRESSIVE;
				CLANG_CXX_LANGUAGE_STANDARD = "gnu++20";
				CLANG_ENABLE_MODULES = YES;
				CLANG_ENABLE_OBJC_ARC = YES;
				CLANG_ENABLE_OBJC_WEAK = YES;
				CLANG_WARN_BLOCK_CAPTURE_AUTORELEASING = YES;
				CLANG_WARN_BOOL_CONVERSION = YES;
				CLANG_WARN_COMMA = YES;
				CLANG_WARN_CONSTANT_CONVERSION = YES;
				CLANG_WARN_DEPRECATED_OBJC_IMPLEMENTATIONS = YES;
				CLANG_WARN_DIRECT_OBJC_ISA_USAGE = YES_ERROR;
				CLANG_WARN_DOCUMENTATION_COMMENTS = YES;
				CLANG_WARN_EMPTY_BODY = YES;
				CLANG_WARN_ENUM_CONVERSION = YES;
				CLANG_WARN_INFINITE_RECURSION = YES;
				CLANG_WARN_INT_CONVERSION = YES;
				CLANG_WARN_NON_LITERAL_NULL_CONVERSION = YES;
				CLANG_WARN_OBJC_IMPLICIT_RETAIN_SELF = YES;
				CLANG_WARN_OBJC_LITERAL_CONVERSION = YES;
				CLANG_WARN_OBJC_ROOT_CLASS = YES_ERROR;
				CLANG_WARN_QUOTED_INCLUDE_IN_FRAMEWORK_HEADER = YES;
				CLANG_WARN_RANGE_LOOP_ANALYSIS = YES;
				CLANG_WARN_STRICT_PROTOTYPES = YES;
				CLANG_WARN_SUSPICIOUS_MOVE = YES;
				CLANG_WARN_UNGUARDED_AVAILABILITY = YES_AGGRESSIVE;
				CLANG_WARN_UNREACHABLE_CODE = YES;
				CLANG_WARN__DUPLICATE_METHOD_MATCH = YES;
				COPY_PHASE_STRIP = NO;
				DEBUG_INFORMATION_FORMAT = dwarf;
				ENABLE_STRICT_OBJC_MSGSEND = YES;
				ENABLE_TESTABILITY = YES;
				GCC_C_LANGUAGE_STANDARD = gnu11;
				GCC_DYNAMIC_NO_PIC = NO;
				GCC_NO_COMMON_BLOCKS = YES;
				GCC_OPTIMIZATION_LEVEL = 0;
				GCC_PREPROCESSOR_DEFINITIONS = (
					"DEBUG=1",
					"$(inherited)",
				);
				GCC_WARN_64_TO_32_BIT_CONVERSION = YES;
				GCC_WARN_ABOUT_RETURN_TYPE = YES_ERROR;
				GCC_WARN_UNDECLARED_SELECTOR = YES;
				GCC_WARN_UNINITIALIZED_AUTOS = YES_AGGRESSIVE;
				GCC_WARN_UNUSED_FUNCTION = YES;
				GCC_WARN_UNUSED_VARIABLE = YES;
				IPHONEOS_DEPLOYMENT_TARGET = 16.0;
				MTL_ENABLE_DEBUG_INFO = INCLUDE_SOURCE;
				MTL_FAST_MATH = YES;
				ONLY_ACTIVE_ARCH = YES;
				SDKROOT = iphoneos;
				SWIFT_ACTIVE_COMPILATION_CONDITIONS = DEBUG;
				SWIFT_OPTIMIZATION_LEVEL = "-Onone";
			};
			name = Debug;
		};
		08FDF38A2A6C3F6D00BB8987 /* Release */ = {
			isa = XCBuildConfiguration;
			buildSettings = {
				ALWAYS_SEARCH_USER_PATHS = NO;
				CLANG_ANALYZER_NONNULL = YES;
				CLANG_ANALYZER_NUMBER_OBJECT_CONVERSION = YES_AGGRESSIVE;
				CLANG_CXX_LANGUAGE_STANDARD = "gnu++20";
				CLANG_ENABLE_MODULES = YES;
				CLANG_ENABLE_OBJC_ARC = YES;
				CLANG_ENABLE_OBJC_WEAK = YES;
				CLANG_WARN_BLOCK_CAPTURE_AUTORELEASING = YES;
				CLANG_WARN_BOOL_CONVERSION = YES;
				CLANG_WARN_COMMA = YES;
				CLANG_WARN_CONSTANT_CONVERSION = YES;
				CLANG_WARN_DEPRECATED_OBJC_IMPLEMENTATIONS = YES;
				CLANG_WARN_DIRECT_OBJC_ISA_USAGE = YES_ERROR;
				CLANG_WARN_DOCUMENTATION_COMMENTS = YES;
				CLANG_WARN_EMPTY_BODY = YES;
				CLANG_WARN_ENUM_CONVERSION = YES;
				CLANG_WARN_INFINITE_RECURSION = YES;
				CLANG_WARN_INT_CONVERSION = YES;
				CLANG_WARN_NON_LITERAL_NULL_CONVERSION = YES;
				CLANG_WARN_OBJC_IMPLICIT_RETAIN_SELF = YES;
				CLANG_WARN_OBJC_LITERAL_CONVERSION = YES;
				CLANG_WARN_OBJC_ROOT_CLASS = YES_ERROR;
				CLANG_WARN_QUOTED_INCLUDE_IN_FRAMEWORK_HEADER = YES;
				CLANG_WARN_RANGE_LOOP_ANALYSIS = YES;
				CLANG_WARN_STRICT_PROTOTYPES = YES;
				CLANG_WARN_SUSPICIOUS_MOVE = YES;
				CLANG_WARN_UNGUARDED_AVAILABILITY = YES_AGGRESSIVE;
				CLANG_WARN_UNREACHABLE_CODE = YES;
				CLANG_WARN__DUPLICATE_METHOD_MATCH = YES;
				COPY_PHASE_STRIP = NO;
				DEBUG_INFORMATION_FORMAT = "dwarf-with-dsym";
				ENABLE_NS_ASSERTIONS = NO;
				ENABLE_STRICT_OBJC_MSGSEND = YES;
				GCC_C_LANGUAGE_STANDARD = gnu11;
				GCC_NO_COMMON_BLOCKS = YES;
				GCC_WARN_64_TO_32_BIT_CONVERSION = YES;
				GCC_WARN_ABOUT_RETURN_TYPE = YES_ERROR;
				GCC_WARN_UNDECLARED_SELECTOR = YES;
				GCC_WARN_UNINITIALIZED_AUTOS = YES_AGGRESSIVE;
				GCC_WARN_UNUSED_FUNCTION = YES;
				GCC_WARN_UNUSED_VARIABLE = YES;
				IPHONEOS_DEPLOYMENT_TARGET = 16.0;
				MTL_ENABLE_DEBUG_INFO = NO;
				MTL_FAST_MATH = YES;
				SDKROOT = iphoneos;
				SWIFT_COMPILATION_MODE = wholemodule;
				SWIFT_OPTIMIZATION_LEVEL = "-O";
				VALIDATE_PRODUCT = YES;
			};
			name = Release;
		};
		08FDF38C2A6C3F6D00BB8987 /* Debug */ = {
			isa = XCBuildConfiguration;
			buildSettings = {
				ASSETCATALOG_COMPILER_APPICON_NAME = AppIcon;
				ASSETCATALOG_COMPILER_GLOBAL_ACCENT_COLOR_NAME = AccentColor;
				CODE_SIGN_STYLE = Automatic;
				CURRENT_PROJECT_VERSION = 1;
				DEVELOPMENT_ASSET_PATHS = "\"Swifti/Preview Content\"";
				DEVELOPMENT_TEAM = MC9L8ULM7A;
				ENABLE_PREVIEWS = YES;
				GENERATE_INFOPLIST_FILE = YES;
				INFOPLIST_FILE = Swifti/Application/Info.plist;
				INFOPLIST_KEY_LSApplicationCategoryType = "public.app-category.education";
				INFOPLIST_KEY_UIApplicationSceneManifest_Generation = YES;
				INFOPLIST_KEY_UIApplicationSupportsIndirectInputEvents = YES;
				INFOPLIST_KEY_UILaunchScreen_Generation = YES;
				INFOPLIST_KEY_UISupportedInterfaceOrientations = UIInterfaceOrientationPortrait;
				LD_RUNPATH_SEARCH_PATHS = (
					"$(inherited)",
					"@executable_path/Frameworks",
				);
				MARKETING_VERSION = 1.0;
				PRODUCT_BUNDLE_IDENTIFIER = OpenClassrooms.Swifti;
				PRODUCT_NAME = "$(TARGET_NAME)";
				SWIFT_EMIT_LOC_STRINGS = YES;
				SWIFT_VERSION = 5.0;
				TARGETED_DEVICE_FAMILY = "1,2";
			};
			name = Debug;
		};
		08FDF38D2A6C3F6D00BB8987 /* Release */ = {
			isa = XCBuildConfiguration;
			buildSettings = {
				ASSETCATALOG_COMPILER_APPICON_NAME = AppIcon;
				ASSETCATALOG_COMPILER_GLOBAL_ACCENT_COLOR_NAME = AccentColor;
				CODE_SIGN_STYLE = Automatic;
				CURRENT_PROJECT_VERSION = 1;
				DEVELOPMENT_ASSET_PATHS = "\"Swifti/Preview Content\"";
				DEVELOPMENT_TEAM = MC9L8ULM7A;
				ENABLE_PREVIEWS = YES;
				GENERATE_INFOPLIST_FILE = YES;
				INFOPLIST_FILE = Swifti/Application/Info.plist;
				INFOPLIST_KEY_LSApplicationCategoryType = "public.app-category.education";
				INFOPLIST_KEY_UIApplicationSceneManifest_Generation = YES;
				INFOPLIST_KEY_UIApplicationSupportsIndirectInputEvents = YES;
				INFOPLIST_KEY_UILaunchScreen_Generation = YES;
				INFOPLIST_KEY_UISupportedInterfaceOrientations = UIInterfaceOrientationPortrait;
				LD_RUNPATH_SEARCH_PATHS = (
					"$(inherited)",
					"@executable_path/Frameworks",
				);
				MARKETING_VERSION = 1.0;
				PRODUCT_BUNDLE_IDENTIFIER = OpenClassrooms.Swifti;
				PRODUCT_NAME = "$(TARGET_NAME)";
				SWIFT_EMIT_LOC_STRINGS = YES;
				SWIFT_VERSION = 5.0;
				TARGETED_DEVICE_FAMILY = "1,2";
			};
			name = Release;
		};
		08FDF38F2A6C3F6D00BB8987 /* Debug */ = {
			isa = XCBuildConfiguration;
			buildSettings = {
				ALWAYS_EMBED_SWIFT_STANDARD_LIBRARIES = YES;
				BUNDLE_LOADER = "$(TEST_HOST)";
				CODE_SIGN_STYLE = Automatic;
				CURRENT_PROJECT_VERSION = 1;
				DEVELOPMENT_TEAM = MC9L8ULM7A;
				GENERATE_INFOPLIST_FILE = YES;
				IPHONEOS_DEPLOYMENT_TARGET = 16.0;
				MARKETING_VERSION = 1.0;
				PRODUCT_BUNDLE_IDENTIFIER = OpenClassrooms.SwiftiTests;
				PRODUCT_NAME = "$(TARGET_NAME)";
				SWIFT_EMIT_LOC_STRINGS = NO;
				SWIFT_VERSION = 5.0;
				TARGETED_DEVICE_FAMILY = "1,2";
				TEST_HOST = "$(BUILT_PRODUCTS_DIR)/Swifti.app/$(BUNDLE_EXECUTABLE_FOLDER_PATH)/Swifti";
			};
			name = Debug;
		};
		08FDF3902A6C3F6D00BB8987 /* Release */ = {
			isa = XCBuildConfiguration;
			buildSettings = {
				ALWAYS_EMBED_SWIFT_STANDARD_LIBRARIES = YES;
				BUNDLE_LOADER = "$(TEST_HOST)";
				CODE_SIGN_STYLE = Automatic;
				CURRENT_PROJECT_VERSION = 1;
				DEVELOPMENT_TEAM = MC9L8ULM7A;
				GENERATE_INFOPLIST_FILE = YES;
				IPHONEOS_DEPLOYMENT_TARGET = 16.0;
				MARKETING_VERSION = 1.0;
				PRODUCT_BUNDLE_IDENTIFIER = OpenClassrooms.SwiftiTests;
				PRODUCT_NAME = "$(TARGET_NAME)";
				SWIFT_EMIT_LOC_STRINGS = NO;
				SWIFT_VERSION = 5.0;
				TARGETED_DEVICE_FAMILY = "1,2";
				TEST_HOST = "$(BUILT_PRODUCTS_DIR)/Swifti.app/$(BUNDLE_EXECUTABLE_FOLDER_PATH)/Swifti";
			};
			name = Release;
		};
		08FDF3922A6C3F6D00BB8987 /* Debug */ = {
			isa = XCBuildConfiguration;
			buildSettings = {
				ALWAYS_EMBED_SWIFT_STANDARD_LIBRARIES = YES;
				CODE_SIGN_STYLE = Automatic;
				CURRENT_PROJECT_VERSION = 1;
				DEVELOPMENT_TEAM = MC9L8ULM7A;
				GENERATE_INFOPLIST_FILE = YES;
				MARKETING_VERSION = 1.0;
				PRODUCT_BUNDLE_IDENTIFIER = OpenClassrooms.SwiftiUITests;
				PRODUCT_NAME = "$(TARGET_NAME)";
				SWIFT_EMIT_LOC_STRINGS = NO;
				SWIFT_VERSION = 5.0;
				TARGETED_DEVICE_FAMILY = "1,2";
				TEST_TARGET_NAME = Swifti;
			};
			name = Debug;
		};
		08FDF3932A6C3F6D00BB8987 /* Release */ = {
			isa = XCBuildConfiguration;
			buildSettings = {
				ALWAYS_EMBED_SWIFT_STANDARD_LIBRARIES = YES;
				CODE_SIGN_STYLE = Automatic;
				CURRENT_PROJECT_VERSION = 1;
				DEVELOPMENT_TEAM = MC9L8ULM7A;
				GENERATE_INFOPLIST_FILE = YES;
				MARKETING_VERSION = 1.0;
				PRODUCT_BUNDLE_IDENTIFIER = OpenClassrooms.SwiftiUITests;
				PRODUCT_NAME = "$(TARGET_NAME)";
				SWIFT_EMIT_LOC_STRINGS = NO;
				SWIFT_VERSION = 5.0;
				TARGETED_DEVICE_FAMILY = "1,2";
				TEST_TARGET_NAME = Swifti;
			};
			name = Release;
		};
/* End XCBuildConfiguration section */

/* Begin XCConfigurationList section */
		08FDF35D2A6C3F6800BB8987 /* Build configuration list for PBXProject "Swifti" */ = {
			isa = XCConfigurationList;
			buildConfigurations = (
				08FDF3892A6C3F6D00BB8987 /* Debug */,
				08FDF38A2A6C3F6D00BB8987 /* Release */,
			);
			defaultConfigurationIsVisible = 0;
			defaultConfigurationName = Release;
		};
		08FDF38B2A6C3F6D00BB8987 /* Build configuration list for PBXNativeTarget "Swifti" */ = {
			isa = XCConfigurationList;
			buildConfigurations = (
				08FDF38C2A6C3F6D00BB8987 /* Debug */,
				08FDF38D2A6C3F6D00BB8987 /* Release */,
			);
			defaultConfigurationIsVisible = 0;
			defaultConfigurationName = Release;
		};
		08FDF38E2A6C3F6D00BB8987 /* Build configuration list for PBXNativeTarget "SwiftiTests" */ = {
			isa = XCConfigurationList;
			buildConfigurations = (
				08FDF38F2A6C3F6D00BB8987 /* Debug */,
				08FDF3902A6C3F6D00BB8987 /* Release */,
			);
			defaultConfigurationIsVisible = 0;
			defaultConfigurationName = Release;
		};
		08FDF3912A6C3F6D00BB8987 /* Build configuration list for PBXNativeTarget "SwiftiUITests" */ = {
			isa = XCConfigurationList;
			buildConfigurations = (
				08FDF3922A6C3F6D00BB8987 /* Debug */,
				08FDF3932A6C3F6D00BB8987 /* Release */,
			);
			defaultConfigurationIsVisible = 0;
			defaultConfigurationName = Release;
		};
/* End XCConfigurationList section */

/* Begin XCVersionGroup section */
		08FDF3702A6C3F6C00BB8987 /* SwiftiDataModel.xcdatamodeld */ = {
			isa = XCVersionGroup;
			children = (
				08FDF3712A6C3F6C00BB8987 /* Swifti.xcdatamodel */,
			);
			currentVersion = 08FDF3712A6C3F6C00BB8987 /* Swifti.xcdatamodel */;
			path = SwiftiDataModel.xcdatamodeld;
			sourceTree = "<group>";
			versionGroupType = wrapper.xcdatamodel;
		};
/* End XCVersionGroup section */
	};
	rootObject = 08FDF35A2A6C3F6800BB8987 /* Project object */;
}
